// !$*UTF8*$!
{
	archiveVersion = 1;
	classes = {
	};
	objectVersion = 46;
	objects = {

/* Begin PBXBuildFile section */
		0731A537199A862A00E4E289 /* ShareKit.license in Resources */ = {isa = PBXBuildFile; fileRef = 0731A536199A862A00E4E289 /* ShareKit.license */; };
		0731A549199BDD4200E4E289 /* Reachability.m in Sources */ = {isa = PBXBuildFile; fileRef = 0731A548199BDD4200E4E289 /* Reachability.m */; };
		0731A54B199BE96D00E4E289 /* PadlockImage.jpg in Resources */ = {isa = PBXBuildFile; fileRef = 0731A54A199BE96D00E4E289 /* PadlockImage.jpg */; };
		073C570D192459C30065FBA5 /* Foundation.framework in Frameworks */ = {isa = PBXBuildFile; fileRef = 073C570C192459C30065FBA5 /* Foundation.framework */; };
		073C570F192459C30065FBA5 /* CoreGraphics.framework in Frameworks */ = {isa = PBXBuildFile; fileRef = 073C570E192459C30065FBA5 /* CoreGraphics.framework */; };
		073C5711192459C30065FBA5 /* UIKit.framework in Frameworks */ = {isa = PBXBuildFile; fileRef = 073C5710192459C30065FBA5 /* UIKit.framework */; };
		073C5717192459C30065FBA5 /* InfoPlist.strings in Resources */ = {isa = PBXBuildFile; fileRef = 073C5715192459C30065FBA5 /* InfoPlist.strings */; };
		073C5719192459C30065FBA5 /* main.m in Sources */ = {isa = PBXBuildFile; fileRef = 073C5718192459C30065FBA5 /* main.m */; };
		073C571D192459C30065FBA5 /* AppDelegate.m in Sources */ = {isa = PBXBuildFile; fileRef = 073C571C192459C30065FBA5 /* AppDelegate.m */; };
		073C5726192459C30065FBA5 /* ViewController.m in Sources */ = {isa = PBXBuildFile; fileRef = 073C5725192459C30065FBA5 /* ViewController.m */; };
		073C5728192459C30065FBA5 /* Images.xcassets in Resources */ = {isa = PBXBuildFile; fileRef = 073C5727192459C30065FBA5 /* Images.xcassets */; };
		073C572F192459C30065FBA5 /* XCTest.framework in Frameworks */ = {isa = PBXBuildFile; fileRef = 073C572E192459C30065FBA5 /* XCTest.framework */; };
		073C5730192459C30065FBA5 /* Foundation.framework in Frameworks */ = {isa = PBXBuildFile; fileRef = 073C570C192459C30065FBA5 /* Foundation.framework */; };
		073C5731192459C30065FBA5 /* UIKit.framework in Frameworks */ = {isa = PBXBuildFile; fileRef = 073C5710192459C30065FBA5 /* UIKit.framework */; };
		073C5739192459C30065FBA5 /* InfoPlist.strings in Resources */ = {isa = PBXBuildFile; fileRef = 073C5737192459C30065FBA5 /* InfoPlist.strings */; };
		073C573B192459C30065FBA5 /* Retention3Tests.m in Sources */ = {isa = PBXBuildFile; fileRef = 073C573A192459C30065FBA5 /* Retention3Tests.m */; };
		073C5746192459CA0065FBA5 /* Main_iPhone.storyboard in Resources */ = {isa = PBXBuildFile; fileRef = 073C5744192459CA0065FBA5 /* Main_iPhone.storyboard */; };
		073C574C192459DE0065FBA5 /* HighScoreViewController.m in Sources */ = {isa = PBXBuildFile; fileRef = 073C5749192459DE0065FBA5 /* HighScoreViewController.m */; };
		073C574D192459DE0065FBA5 /* MainViewController.m in Sources */ = {isa = PBXBuildFile; fileRef = 073C574B192459DE0065FBA5 /* MainViewController.m */; };
		073C5754192459EA0065FBA5 /* NumbersViewController.m in Sources */ = {isa = PBXBuildFile; fileRef = 073C574F192459EA0065FBA5 /* NumbersViewController.m */; };
		073C5755192459EA0065FBA5 /* NumberpadCell.m in Sources */ = {isa = PBXBuildFile; fileRef = 073C5751192459EA0065FBA5 /* NumberpadCell.m */; };
		073C5756192459EA0065FBA5 /* FocusView.m in Sources */ = {isa = PBXBuildFile; fileRef = 073C5753192459EA0065FBA5 /* FocusView.m */; };
		075B1A89199D132200C7CA2F /* MySHKSharers.plist in Resources */ = {isa = PBXBuildFile; fileRef = 075B1A88199D132200C7CA2F /* MySHKSharers.plist */; };
		075B1A8E199DAB2200C7CA2F /* Icon-76@2x.png in Resources */ = {isa = PBXBuildFile; fileRef = 075B1A8A199DAB2200C7CA2F /* Icon-76@2x.png */; };
		075B1A8F199DAB2200C7CA2F /* Icon-76.png in Resources */ = {isa = PBXBuildFile; fileRef = 075B1A8B199DAB2200C7CA2F /* Icon-76.png */; };
		075B1A90199DAB2200C7CA2F /* Icon-60@2x.png in Resources */ = {isa = PBXBuildFile; fileRef = 075B1A8C199DAB2200C7CA2F /* Icon-60@2x.png */; };
		075B1A91199DAB2200C7CA2F /* Icon-60.png in Resources */ = {isa = PBXBuildFile; fileRef = 075B1A8D199DAB2200C7CA2F /* Icon-60.png */; };
		075B1A94199DB19300C7CA2F /* iTunesArtwork@2x.png in Resources */ = {isa = PBXBuildFile; fileRef = 075B1A92199DB19200C7CA2F /* iTunesArtwork@2x.png */; };
		075B1A95199DB19300C7CA2F /* iTunesArtwork.png in Resources */ = {isa = PBXBuildFile; fileRef = 075B1A93199DB19300C7CA2F /* iTunesArtwork.png */; };
		076C8F1D196CDA3C00F99950 /* CustomButton.m in Sources */ = {isa = PBXBuildFile; fileRef = 076C8F1C196CDA3C00F99950 /* CustomButton.m */; };
		076C8F20196E3D3900F99950 /* TitleLabel.m in Sources */ = {isa = PBXBuildFile; fileRef = 076C8F1F196E3D3900F99950 /* TitleLabel.m */; };
		076C8F22196F798F00F99950 /* HeartImage.jpg in Resources */ = {isa = PBXBuildFile; fileRef = 076C8F21196F798F00F99950 /* HeartImage.jpg */; };
		076C8F251979F92100F99950 /* TimerView.m in Sources */ = {isa = PBXBuildFile; fileRef = 076C8F241979F92100F99950 /* TimerView.m */; };
		076C8F2E1984361300F99950 /* PauseMenuAlertView.m in Sources */ = {isa = PBXBuildFile; fileRef = 076C8F2D1984361300F99950 /* PauseMenuAlertView.m */; };
		0780F65F1996EB1E00DBB560 /* PurchaseViewController.m in Sources */ = {isa = PBXBuildFile; fileRef = 0780F65E1996EB1E00DBB560 /* PurchaseViewController.m */; };
		07B568D7195257F60028EDAC /* DifficultyViewController.m in Sources */ = {isa = PBXBuildFile; fileRef = 07B568D6195257F60028EDAC /* DifficultyViewController.m */; };
		07B673EA1989EEC400E99B77 /* Security.framework in Frameworks */ = {isa = PBXBuildFile; fileRef = 07B673E91989EEC400E99B77 /* Security.framework */; };
		07B673EC1989EED700E99B77 /* MessageUI.framework in Frameworks */ = {isa = PBXBuildFile; fileRef = 07B673EB1989EED700E99B77 /* MessageUI.framework */; };
		07B673EE1989EEE700E99B77 /* SystemConfiguration.framework in Frameworks */ = {isa = PBXBuildFile; fileRef = 07B673ED1989EEE700E99B77 /* SystemConfiguration.framework */; };
		07B67566198B067700E99B77 /* libShareKit.a in Frameworks */ = {isa = PBXBuildFile; fileRef = 07B67501198B040400E99B77 /* libShareKit.a */; };
		07B67567198B06C000E99B77 /* ShareKit.bundle in Resources */ = {isa = PBXBuildFile; fileRef = 07B67503198B040400E99B77 /* ShareKit.bundle */; };
		07B67569198B08A000E99B77 /* MobileCoreServices.framework in Frameworks */ = {isa = PBXBuildFile; fileRef = 07B67568198B08A000E99B77 /* MobileCoreServices.framework */; };
		07B6756B198B08AE00E99B77 /* CoreMedia.framework in Frameworks */ = {isa = PBXBuildFile; fileRef = 07B6756A198B08AE00E99B77 /* CoreMedia.framework */; };
		07B6756D198B08B700E99B77 /* AVFoundation.framework in Frameworks */ = {isa = PBXBuildFile; fileRef = 07B6756C198B08B700E99B77 /* AVFoundation.framework */; };
		07B6756F198B08BF00E99B77 /* CFNetwork.framework in Frameworks */ = {isa = PBXBuildFile; fileRef = 07B6756E198B08BF00E99B77 /* CFNetwork.framework */; };
		07B67571198B08C500E99B77 /* CoreLocation.framework in Frameworks */ = {isa = PBXBuildFile; fileRef = 07B67570198B08C500E99B77 /* CoreLocation.framework */; };
		07B67573198B08CE00E99B77 /* AdSupport.framework in Frameworks */ = {isa = PBXBuildFile; fileRef = 07B67572198B08CE00E99B77 /* AdSupport.framework */; settings = {ATTRIBUTES = (Weak, ); }; };
		07B67575198B08FD00E99B77 /* Accounts.framework in Frameworks */ = {isa = PBXBuildFile; fileRef = 07B67574198B08FD00E99B77 /* Accounts.framework */; settings = {ATTRIBUTES = (Weak, ); }; };
		07B67577198B091400E99B77 /* libsqlite3.dylib in Frameworks */ = {isa = PBXBuildFile; fileRef = 07B67576198B091400E99B77 /* libsqlite3.dylib */; settings = {ATTRIBUTES = (Weak, ); }; };
		07B67579198B093700E99B77 /* Social.framework in Frameworks */ = {isa = PBXBuildFile; fileRef = 07B67578198B093700E99B77 /* Social.framework */; settings = {ATTRIBUTES = (Weak, ); }; };
		07B6757B198B095600E99B77 /* StoreKit.framework in Frameworks */ = {isa = PBXBuildFile; fileRef = 07B6757A198B095600E99B77 /* StoreKit.framework */; settings = {ATTRIBUTES = (Weak, ); }; };
		07B6757D198B096C00E99B77 /* libxml2.dylib in Frameworks */ = {isa = PBXBuildFile; fileRef = 07B6757C198B096C00E99B77 /* libxml2.dylib */; };
		07B6757F198B097800E99B77 /* QuartzCore.framework in Frameworks */ = {isa = PBXBuildFile; fileRef = 07B6757E198B097800E99B77 /* QuartzCore.framework */; };
		07B67581198B098800E99B77 /* MediaPlayer.framework in Frameworks */ = {isa = PBXBuildFile; fileRef = 07B67580198B098800E99B77 /* MediaPlayer.framework */; };
		07B67583198B099300E99B77 /* AssetsLibrary.framework in Frameworks */ = {isa = PBXBuildFile; fileRef = 07B67582198B099300E99B77 /* AssetsLibrary.framework */; };
		07B67585198B099C00E99B77 /* CoreText.framework in Frameworks */ = {isa = PBXBuildFile; fileRef = 07B67584198B099C00E99B77 /* CoreText.framework */; };
		07B67587198B09A200E99B77 /* CoreMotion.framework in Frameworks */ = {isa = PBXBuildFile; fileRef = 07B67586198B09A200E99B77 /* CoreMotion.framework */; };
		07B67589198B09B200E99B77 /* AddressBook.framework in Frameworks */ = {isa = PBXBuildFile; fileRef = 07B67588198B09B200E99B77 /* AddressBook.framework */; };
		07B6758B198B09BB00E99B77 /* ImageIO.framework in Frameworks */ = {isa = PBXBuildFile; fileRef = 07B6758A198B09BB00E99B77 /* ImageIO.framework */; };
		07B6758D198B09C400E99B77 /* SafariServices.framework in Frameworks */ = {isa = PBXBuildFile; fileRef = 07B6758C198B09C400E99B77 /* SafariServices.framework */; };
		07B67598198B0CFB00E99B77 /* DropboxSDK.framework in Frameworks */ = {isa = PBXBuildFile; fileRef = 07B6758E198B0CFB00E99B77 /* DropboxSDK.framework */; };
		07B67599198B0CFC00E99B77 /* FacebookSDK.framework in Frameworks */ = {isa = PBXBuildFile; fileRef = 07B6758F198B0CFB00E99B77 /* FacebookSDK.framework */; };
		07B6759A198B0CFC00E99B77 /* GoogleOpenSource.framework in Frameworks */ = {isa = PBXBuildFile; fileRef = 07B67590198B0CFB00E99B77 /* GoogleOpenSource.framework */; };
		07B6759B198B0CFC00E99B77 /* GooglePlus.bundle in Resources */ = {isa = PBXBuildFile; fileRef = 07B67591198B0CFB00E99B77 /* GooglePlus.bundle */; };
		07B6759C198B0CFC00E99B77 /* GooglePlus.framework in Frameworks */ = {isa = PBXBuildFile; fileRef = 07B67592198B0CFB00E99B77 /* GooglePlus.framework */; };
		07B6759D198B0CFC00E99B77 /* LiveSDK.framework in Frameworks */ = {isa = PBXBuildFile; fileRef = 07B67593198B0CFB00E99B77 /* LiveSDK.framework */; };
		07B6759E198B0CFC00E99B77 /* Pinterest.framework in Frameworks */ = {isa = PBXBuildFile; fileRef = 07B67595198B0CFB00E99B77 /* Pinterest.framework */; };
		07B6759F198B0CFD00E99B77 /* PinterestSDKResources.bundle in Resources */ = {isa = PBXBuildFile; fileRef = 07B67597198B0CFB00E99B77 /* PinterestSDKResources.bundle */; };
		07B675A6198B0E3900E99B77 /* GTMOAuth2ViewTouch.xib in Resources */ = {isa = PBXBuildFile; fileRef = 07B675A3198B0E3900E99B77 /* GTMOAuth2ViewTouch.xib */; };
		07B675A9198B106500E99B77 /* MySHKConfigurator.m in Sources */ = {isa = PBXBuildFile; fileRef = 07B675A8198B106500E99B77 /* MySHKConfigurator.m */; };
		07B7BF3A199A630900D79413 /* Settings.bundle in Resources */ = {isa = PBXBuildFile; fileRef = 07B7BF39199A630900D79413 /* Settings.bundle */; };
/* End PBXBuildFile section */

/* Begin PBXContainerItemProxy section */
		073C5732192459C30065FBA5 /* PBXContainerItemProxy */ = {
			isa = PBXContainerItemProxy;
			containerPortal = 073C5701192459C30065FBA5 /* Project object */;
			proxyType = 1;
			remoteGlobalIDString = 073C5708192459C30065FBA5;
			remoteInfo = Retention3;
		};
		07B67500198B040400E99B77 /* PBXContainerItemProxy */ = {
			isa = PBXContainerItemProxy;
			containerPortal = 07B674CC198B040300E99B77 /* ShareKit.xcodeproj */;
			proxyType = 2;
			remoteGlobalIDString = 7AB5342E1552AADD00171BCE;
			remoteInfo = "Static Library";
		};
		07B67502198B040400E99B77 /* PBXContainerItemProxy */ = {
			isa = PBXContainerItemProxy;
			containerPortal = 07B674CC198B040300E99B77 /* ShareKit.xcodeproj */;
			proxyType = 2;
			remoteGlobalIDString = 7AB5360F1552E26800171BCE;
			remoteInfo = "Resource Bundle";
		};
		07B67504198B040400E99B77 /* PBXContainerItemProxy */ = {
			isa = PBXContainerItemProxy;
			containerPortal = 07B674CC198B040300E99B77 /* ShareKit.xcodeproj */;
			proxyType = 2;
			remoteGlobalIDString = 7A0F9246156BA2A0009CB40A;
			remoteInfo = "Static Library Core";
		};
		07B67506198B040400E99B77 /* PBXContainerItemProxy */ = {
			isa = PBXContainerItemProxy;
			containerPortal = 07B674CC198B040300E99B77 /* ShareKit.xcodeproj */;
			proxyType = 2;
			remoteGlobalIDString = 7A1AFCC0160E11F90086B98A;
			remoteInfo = SSKeyChain;
		};
		07B67508198B040400E99B77 /* PBXContainerItemProxy */ = {
			isa = PBXContainerItemProxy;
			containerPortal = 07B674CC198B040300E99B77 /* ShareKit.xcodeproj */;
			proxyType = 2;
			remoteGlobalIDString = 7A16F37E161340DD0019645D;
			remoteInfo = OAuth;
		};
		07B6750A198B040400E99B77 /* PBXContainerItemProxy */ = {
			isa = PBXContainerItemProxy;
			containerPortal = 07B674CC198B040300E99B77 /* ShareKit.xcodeproj */;
			proxyType = 2;
			remoteGlobalIDString = 7A1AFCD1160E123C0086B98A;
			remoteInfo = Reachability;
		};
		07B6750C198B040400E99B77 /* PBXContainerItemProxy */ = {
			isa = PBXContainerItemProxy;
			containerPortal = 07B674CC198B040300E99B77 /* ShareKit.xcodeproj */;
			proxyType = 2;
			remoteGlobalIDString = AABBECD2162F0756009D46E4;
			remoteInfo = Copy;
		};
		07B6750E198B040400E99B77 /* PBXContainerItemProxy */ = {
			isa = PBXContainerItemProxy;
			containerPortal = 07B674CC198B040300E99B77 /* ShareKit.xcodeproj */;
			proxyType = 2;
			remoteGlobalIDString = AABBECDB162F0779009D46E4;
			remoteInfo = Email;
		};
		07B67510198B040400E99B77 /* PBXContainerItemProxy */ = {
			isa = PBXContainerItemProxy;
			containerPortal = 07B674CC198B040300E99B77 /* ShareKit.xcodeproj */;
			proxyType = 2;
			remoteGlobalIDString = AABBECC9162F0719009D46E4;
			remoteInfo = Logout;
		};
		07B67512198B040400E99B77 /* PBXContainerItemProxy */ = {
			isa = PBXContainerItemProxy;
			containerPortal = 07B674CC198B040300E99B77 /* ShareKit.xcodeproj */;
			proxyType = 2;
			remoteGlobalIDString = AABBECE4162F07B4009D46E4;
			remoteInfo = "Open in Safari";
		};
		07B67514198B040400E99B77 /* PBXContainerItemProxy */ = {
			isa = PBXContainerItemProxy;
			containerPortal = 07B674CC198B040300E99B77 /* ShareKit.xcodeproj */;
			proxyType = 2;
			remoteGlobalIDString = AABBECBE162F063F009D46E4;
			remoteInfo = Print;
		};
		07B67516198B040400E99B77 /* PBXContainerItemProxy */ = {
			isa = PBXContainerItemProxy;
			containerPortal = 07B674CC198B040300E99B77 /* ShareKit.xcodeproj */;
			proxyType = 2;
			remoteGlobalIDString = AABBECED162F07DF009D46E4;
			remoteInfo = "Save to Album";
		};
		07B67518198B040400E99B77 /* PBXContainerItemProxy */ = {
			isa = PBXContainerItemProxy;
			containerPortal = 07B674CC198B040300E99B77 /* ShareKit.xcodeproj */;
			proxyType = 2;
			remoteGlobalIDString = AABBECF6162F080F009D46E4;
			remoteInfo = "Text Message";
		};
		07B6751A198B040400E99B77 /* PBXContainerItemProxy */ = {
			isa = PBXContainerItemProxy;
			containerPortal = 07B674CC198B040300E99B77 /* ShareKit.xcodeproj */;
			proxyType = 2;
			remoteGlobalIDString = AABBED08162F0858009D46E4;
			remoteInfo = Delicious;
		};
		07B6751C198B040400E99B77 /* PBXContainerItemProxy */ = {
			isa = PBXContainerItemProxy;
			containerPortal = 07B674CC198B040300E99B77 /* ShareKit.xcodeproj */;
			proxyType = 2;
			remoteGlobalIDString = AABBED11162F087F009D46E4;
			remoteInfo = Diigo;
		};
		07B6751E198B040400E99B77 /* PBXContainerItemProxy */ = {
			isa = PBXContainerItemProxy;
			containerPortal = 07B674CC198B040300E99B77 /* ShareKit.xcodeproj */;
			proxyType = 2;
			remoteGlobalIDString = AABBED24162F08E6009D46E4;
			remoteInfo = Evernote;
		};
		07B67520198B040400E99B77 /* PBXContainerItemProxy */ = {
			isa = PBXContainerItemProxy;
			containerPortal = 07B674CC198B040300E99B77 /* ShareKit.xcodeproj */;
			proxyType = 2;
			remoteGlobalIDString = 7A1AFCE2160E127B0086B98A;
			remoteInfo = "Evernote SDK";
		};
		07B67522198B040400E99B77 /* PBXContainerItemProxy */ = {
			isa = PBXContainerItemProxy;
			containerPortal = 07B674CC198B040300E99B77 /* ShareKit.xcodeproj */;
			proxyType = 2;
			remoteGlobalIDString = AABBED37162F0B65009D46E4;
			remoteInfo = Facebook;
		};
		07B67524198B040400E99B77 /* PBXContainerItemProxy */ = {
			isa = PBXContainerItemProxy;
			containerPortal = 07B674CC198B040300E99B77 /* ShareKit.xcodeproj */;
			proxyType = 2;
			remoteGlobalIDString = AABBED46162F0B86009D46E4;
			remoteInfo = FoursquareV2;
		};
		07B67526198B040400E99B77 /* PBXContainerItemProxy */ = {
			isa = PBXContainerItemProxy;
			containerPortal = 07B674CC198B040300E99B77 /* ShareKit.xcodeproj */;
			proxyType = 2;
			remoteGlobalIDString = AABBED50162F0BA7009D46E4;
			remoteInfo = Flickr;
		};
		07B67528198B040400E99B77 /* PBXContainerItemProxy */ = {
			isa = PBXContainerItemProxy;
			containerPortal = 07B674CC198B040300E99B77 /* ShareKit.xcodeproj */;
			proxyType = 2;
			remoteGlobalIDString = 4503EBC0169104470057294C;
			remoteInfo = "Google Plus";
		};
		07B6752A198B040400E99B77 /* PBXContainerItemProxy */ = {
			isa = PBXContainerItemProxy;
			containerPortal = 07B674CC198B040300E99B77 /* ShareKit.xcodeproj */;
			proxyType = 2;
			remoteGlobalIDString = 7A16F3C216134A890019645D;
			remoteInfo = Instagram;
		};
		07B6752C198B040400E99B77 /* PBXContainerItemProxy */ = {
			isa = PBXContainerItemProxy;
			containerPortal = 07B674CC198B040300E99B77 /* ShareKit.xcodeproj */;
			proxyType = 2;
			remoteGlobalIDString = AABBED62162F0BE8009D46E4;
			remoteInfo = Instapaper;
		};
		07B6752E198B040400E99B77 /* PBXContainerItemProxy */ = {
			isa = PBXContainerItemProxy;
			containerPortal = 07B674CC198B040300E99B77 /* ShareKit.xcodeproj */;
			proxyType = 2;
			remoteGlobalIDString = AABBECFF162F0835009D46E4;
			remoteInfo = Kippt;
		};
		07B67530198B040400E99B77 /* PBXContainerItemProxy */ = {
			isa = PBXContainerItemProxy;
			containerPortal = 07B674CC198B040300E99B77 /* ShareKit.xcodeproj */;
			proxyType = 2;
			remoteGlobalIDString = AABBED6B162F0C03009D46E4;
			remoteInfo = LinkedIn;
		};
		07B67532198B040400E99B77 /* PBXContainerItemProxy */ = {
			isa = PBXContainerItemProxy;
			containerPortal = 07B674CC198B040300E99B77 /* ShareKit.xcodeproj */;
			proxyType = 2;
			remoteGlobalIDString = AABBED74162F0C1A009D46E4;
			remoteInfo = Pinboard;
		};
		07B67534198B040400E99B77 /* PBXContainerItemProxy */ = {
			isa = PBXContainerItemProxy;
			containerPortal = 07B674CC198B040300E99B77 /* ShareKit.xcodeproj */;
			proxyType = 2;
			remoteGlobalIDString = 949BCB8C172A993000D706D4;
			remoteInfo = Buffer;
		};
		07B67536198B040400E99B77 /* PBXContainerItemProxy */ = {
			isa = PBXContainerItemProxy;
			containerPortal = 07B674CC198B040300E99B77 /* ShareKit.xcodeproj */;
			proxyType = 2;
			remoteGlobalIDString = 7AC2A3A016597F4C0089ABE8;
			remoteInfo = "Sina Weibo";
		};
		07B67538198B040400E99B77 /* PBXContainerItemProxy */ = {
			isa = PBXContainerItemProxy;
			containerPortal = 07B674CC198B040300E99B77 /* ShareKit.xcodeproj */;
			proxyType = 2;
			remoteGlobalIDString = AABBED86162F0C4D009D46E4;
			remoteInfo = Tumbl;
		};
		07B6753A198B040400E99B77 /* PBXContainerItemProxy */ = {
			isa = PBXContainerItemProxy;
			containerPortal = 07B674CC198B040300E99B77 /* ShareKit.xcodeproj */;
			proxyType = 2;
			remoteGlobalIDString = 7A1AFD3A160E14340086B98A;
			remoteInfo = Twitter;
		};
		07B6753C198B040400E99B77 /* PBXContainerItemProxy */ = {
			isa = PBXContainerItemProxy;
			containerPortal = 07B674CC198B040300E99B77 /* ShareKit.xcodeproj */;
			proxyType = 2;
			remoteGlobalIDString = AABBED1B162F08A3009D46E4;
			remoteInfo = VKontakte;
		};
		07B6753E198B040400E99B77 /* PBXContainerItemProxy */ = {
			isa = PBXContainerItemProxy;
			containerPortal = 07B674CC198B040300E99B77 /* ShareKit.xcodeproj */;
			proxyType = 2;
			remoteGlobalIDString = 7AC2A3A016597F4C0089ABE8;
			remoteInfo = "Sina Weibo";
		};
		07B67540198B040400E99B77 /* PBXContainerItemProxy */ = {
			isa = PBXContainerItemProxy;
			containerPortal = 07B674CC198B040300E99B77 /* ShareKit.xcodeproj */;
			proxyType = 2;
			remoteGlobalIDString = 7A49DBC316BC193E004B7E78;
			remoteInfo = Readability;
		};
		07B67542198B040400E99B77 /* PBXContainerItemProxy */ = {
			isa = PBXContainerItemProxy;
			containerPortal = 07B674CC198B040300E99B77 /* ShareKit.xcodeproj */;
			proxyType = 2;
			remoteGlobalIDString = 7A203D0A16EB7DA200421995;
			remoteInfo = Hatena;
		};
		07B67544198B040400E99B77 /* PBXContainerItemProxy */ = {
			isa = PBXContainerItemProxy;
			containerPortal = 07B674CC198B040300E99B77 /* ShareKit.xcodeproj */;
			proxyType = 2;
			remoteGlobalIDString = 7AAE8CA516EB960500429C51;
			remoteInfo = Plurk;
		};
		07B67546198B040400E99B77 /* PBXContainerItemProxy */ = {
			isa = PBXContainerItemProxy;
			containerPortal = 07B674CC198B040300E99B77 /* ShareKit.xcodeproj */;
			proxyType = 2;
			remoteGlobalIDString = DE334C2116F3339300FF692B;
			remoteInfo = Dropbox;
		};
		07B67548198B040400E99B77 /* PBXContainerItemProxy */ = {
			isa = PBXContainerItemProxy;
			containerPortal = 07B674CC198B040300E99B77 /* ShareKit.xcodeproj */;
			proxyType = 2;
			remoteGlobalIDString = 7AECF322171D5194000722FA;
			remoteInfo = YouTube;
		};
		07B6754A198B040400E99B77 /* PBXContainerItemProxy */ = {
			isa = PBXContainerItemProxy;
			containerPortal = 07B674CC198B040300E99B77 /* ShareKit.xcodeproj */;
			proxyType = 2;
			remoteGlobalIDString = 7AECF32C171D51C3000722FA;
			remoteInfo = "YouTube SDK";
		};
		07B6754C198B040400E99B77 /* PBXContainerItemProxy */ = {
			isa = PBXContainerItemProxy;
			containerPortal = 07B674CC198B040300E99B77 /* ShareKit.xcodeproj */;
			proxyType = 2;
			remoteGlobalIDString = 7A4E465A173E2B2900CCEE80;
			remoteInfo = Pocket;
		};
		07B6754E198B040400E99B77 /* PBXContainerItemProxy */ = {
			isa = PBXContainerItemProxy;
			containerPortal = 07B674CC198B040300E99B77 /* ShareKit.xcodeproj */;
			proxyType = 2;
			remoteGlobalIDString = 7A4E4663173E2C2500CCEE80;
			remoteInfo = "Pocket SDK";
		};
		07B67550198B040400E99B77 /* PBXContainerItemProxy */ = {
			isa = PBXContainerItemProxy;
			containerPortal = 07B674CC198B040300E99B77 /* ShareKit.xcodeproj */;
			proxyType = 2;
			remoteGlobalIDString = 7A8C03BE1848CDEE008E4C0A;
			remoteInfo = "Static Library Tests";
		};
		07B67552198B040400E99B77 /* PBXContainerItemProxy */ = {
			isa = PBXContainerItemProxy;
			containerPortal = 07B674CC198B040300E99B77 /* ShareKit.xcodeproj */;
			proxyType = 2;
			remoteGlobalIDString = 7ADB643918C5BF3B00B5AF7F;
			remoteInfo = PKMultipartInputStream;
		};
		07B67554198B040400E99B77 /* PBXContainerItemProxy */ = {
			isa = PBXContainerItemProxy;
			containerPortal = 07B674CC198B040300E99B77 /* ShareKit.xcodeproj */;
			proxyType = 2;
			remoteGlobalIDString = 4932D60E18DCBD840075FEE8;
			remoteInfo = Imgur;
		};
		07B67556198B040400E99B77 /* PBXContainerItemProxy */ = {
			isa = PBXContainerItemProxy;
			containerPortal = 07B674CC198B040300E99B77 /* ShareKit.xcodeproj */;
			proxyType = 2;
			remoteGlobalIDString = AC2195F318EA885C003DF6BD;
			remoteInfo = OneNote;
		};
		07B67558198B040400E99B77 /* PBXContainerItemProxy */ = {
			isa = PBXContainerItemProxy;
			containerPortal = 07B674CC198B040300E99B77 /* ShareKit.xcodeproj */;
			proxyType = 2;
			remoteGlobalIDString = 7A70B2AF191C7E950070C5FB;
			remoteInfo = Pinterest;
		};
		07B6755A198B040400E99B77 /* PBXContainerItemProxy */ = {
			isa = PBXContainerItemProxy;
			containerPortal = 07B674CC198B040300E99B77 /* ShareKit.xcodeproj */;
			proxyType = 2;
			remoteGlobalIDString = 7AB8A568192505B200EC73A2;
			remoteInfo = SDWebImage;
		};
		07B6755C198B040400E99B77 /* PBXContainerItemProxy */ = {
			isa = PBXContainerItemProxy;
			containerPortal = 07B674CC198B040300E99B77 /* ShareKit.xcodeproj */;
			proxyType = 2;
			remoteGlobalIDString = C4823E1B192932780099673A;
			remoteInfo = "Open in Chrome";
		};
		07B6755E198B040400E99B77 /* PBXContainerItemProxy */ = {
			isa = PBXContainerItemProxy;
			containerPortal = 07B674CC198B040300E99B77 /* ShareKit.xcodeproj */;
			proxyType = 2;
			remoteGlobalIDString = C4823E2E192936150099673A;
			remoteInfo = "Open in 1Password";
		};
		07B67560198B040400E99B77 /* PBXContainerItemProxy */ = {
			isa = PBXContainerItemProxy;
			containerPortal = 07B674CC198B040300E99B77 /* ShareKit.xcodeproj */;
			proxyType = 2;
			remoteGlobalIDString = C4B15457192E077E0080EBE3;
			remoteInfo = "Reading List";
		};
		07B67562198B064900E99B77 /* PBXContainerItemProxy */ = {
			isa = PBXContainerItemProxy;
			containerPortal = 07B674CC198B040300E99B77 /* ShareKit.xcodeproj */;
			proxyType = 1;
			remoteGlobalIDString = 7AB5342D1552AADD00171BCE;
			remoteInfo = "Static Library";
		};
		07B67564198B064E00E99B77 /* PBXContainerItemProxy */ = {
			isa = PBXContainerItemProxy;
			containerPortal = 07B674CC198B040300E99B77 /* ShareKit.xcodeproj */;
			proxyType = 1;
			remoteGlobalIDString = 7AB5360E1552E26800171BCE;
			remoteInfo = "Resource Bundle";
		};
/* End PBXContainerItemProxy section */

/* Begin PBXFileReference section */
		0731A536199A862A00E4E289 /* ShareKit.license */ = {isa = PBXFileReference; fileEncoding = 4; lastKnownFileType = text; path = ShareKit.license; sourceTree = "<group>"; };
		0731A547199BDD4200E4E289 /* Reachability.h */ = {isa = PBXFileReference; fileEncoding = 4; lastKnownFileType = sourcecode.c.h; path = Reachability.h; sourceTree = "<group>"; };
		0731A548199BDD4200E4E289 /* Reachability.m */ = {isa = PBXFileReference; fileEncoding = 4; lastKnownFileType = sourcecode.c.objc; path = Reachability.m; sourceTree = "<group>"; };
		0731A54A199BE96D00E4E289 /* PadlockImage.jpg */ = {isa = PBXFileReference; lastKnownFileType = image.jpeg; path = PadlockImage.jpg; sourceTree = "<group>"; };
		073C5709192459C30065FBA5 /* Retention3.app */ = {isa = PBXFileReference; explicitFileType = wrapper.application; includeInIndex = 0; path = Retention3.app; sourceTree = BUILT_PRODUCTS_DIR; };
		073C570C192459C30065FBA5 /* Foundation.framework */ = {isa = PBXFileReference; lastKnownFileType = wrapper.framework; name = Foundation.framework; path = System/Library/Frameworks/Foundation.framework; sourceTree = SDKROOT; };
		073C570E192459C30065FBA5 /* CoreGraphics.framework */ = {isa = PBXFileReference; lastKnownFileType = wrapper.framework; name = CoreGraphics.framework; path = System/Library/Frameworks/CoreGraphics.framework; sourceTree = SDKROOT; };
		073C5710192459C30065FBA5 /* UIKit.framework */ = {isa = PBXFileReference; lastKnownFileType = wrapper.framework; name = UIKit.framework; path = System/Library/Frameworks/UIKit.framework; sourceTree = SDKROOT; };
		073C5714192459C30065FBA5 /* Retention3-Info.plist */ = {isa = PBXFileReference; lastKnownFileType = text.plist.xml; path = "Retention3-Info.plist"; sourceTree = "<group>"; };
		073C5716192459C30065FBA5 /* en */ = {isa = PBXFileReference; lastKnownFileType = text.plist.strings; name = en; path = en.lproj/InfoPlist.strings; sourceTree = "<group>"; };
		073C5718192459C30065FBA5 /* main.m */ = {isa = PBXFileReference; lastKnownFileType = sourcecode.c.objc; path = main.m; sourceTree = "<group>"; };
		073C571A192459C30065FBA5 /* Retention3-Prefix.pch */ = {isa = PBXFileReference; lastKnownFileType = sourcecode.c.h; path = "Retention3-Prefix.pch"; sourceTree = "<group>"; };
		073C571B192459C30065FBA5 /* AppDelegate.h */ = {isa = PBXFileReference; lastKnownFileType = sourcecode.c.h; path = AppDelegate.h; sourceTree = "<group>"; };
		073C571C192459C30065FBA5 /* AppDelegate.m */ = {isa = PBXFileReference; lastKnownFileType = sourcecode.c.objc; path = AppDelegate.m; sourceTree = "<group>"; };
		073C5724192459C30065FBA5 /* ViewController.h */ = {isa = PBXFileReference; lastKnownFileType = sourcecode.c.h; path = ViewController.h; sourceTree = "<group>"; };
		073C5725192459C30065FBA5 /* ViewController.m */ = {isa = PBXFileReference; lastKnownFileType = sourcecode.c.objc; path = ViewController.m; sourceTree = "<group>"; };
		073C5727192459C30065FBA5 /* Images.xcassets */ = {isa = PBXFileReference; lastKnownFileType = folder.assetcatalog; path = Images.xcassets; sourceTree = "<group>"; };
		073C572D192459C30065FBA5 /* Retention3Tests.xctest */ = {isa = PBXFileReference; explicitFileType = wrapper.cfbundle; includeInIndex = 0; path = Retention3Tests.xctest; sourceTree = BUILT_PRODUCTS_DIR; };
		073C572E192459C30065FBA5 /* XCTest.framework */ = {isa = PBXFileReference; lastKnownFileType = wrapper.framework; name = XCTest.framework; path = Library/Frameworks/XCTest.framework; sourceTree = DEVELOPER_DIR; };
		073C5736192459C30065FBA5 /* Retention3Tests-Info.plist */ = {isa = PBXFileReference; lastKnownFileType = text.plist.xml; path = "Retention3Tests-Info.plist"; sourceTree = "<group>"; };
		073C5738192459C30065FBA5 /* en */ = {isa = PBXFileReference; lastKnownFileType = text.plist.strings; name = en; path = en.lproj/InfoPlist.strings; sourceTree = "<group>"; };
		073C573A192459C30065FBA5 /* Retention3Tests.m */ = {isa = PBXFileReference; lastKnownFileType = sourcecode.c.objc; path = Retention3Tests.m; sourceTree = "<group>"; };
		073C5744192459CA0065FBA5 /* Main_iPhone.storyboard */ = {isa = PBXFileReference; fileEncoding = 4; lastKnownFileType = file.storyboard; path = Main_iPhone.storyboard; sourceTree = "<group>"; };
		073C5748192459DE0065FBA5 /* HighScoreViewController.h */ = {isa = PBXFileReference; fileEncoding = 4; lastKnownFileType = sourcecode.c.h; path = HighScoreViewController.h; sourceTree = "<group>"; };
		073C5749192459DE0065FBA5 /* HighScoreViewController.m */ = {isa = PBXFileReference; fileEncoding = 4; lastKnownFileType = sourcecode.c.objc; path = HighScoreViewController.m; sourceTree = "<group>"; };
		073C574A192459DE0065FBA5 /* MainViewController.h */ = {isa = PBXFileReference; fileEncoding = 4; lastKnownFileType = sourcecode.c.h; path = MainViewController.h; sourceTree = "<group>"; };
		073C574B192459DE0065FBA5 /* MainViewController.m */ = {isa = PBXFileReference; fileEncoding = 4; lastKnownFileType = sourcecode.c.objc; path = MainViewController.m; sourceTree = "<group>"; };
		073C574E192459EA0065FBA5 /* NumbersViewController.h */ = {isa = PBXFileReference; fileEncoding = 4; lastKnownFileType = sourcecode.c.h; path = NumbersViewController.h; sourceTree = "<group>"; };
		073C574F192459EA0065FBA5 /* NumbersViewController.m */ = {isa = PBXFileReference; fileEncoding = 4; lastKnownFileType = sourcecode.c.objc; path = NumbersViewController.m; sourceTree = "<group>"; };
		073C5750192459EA0065FBA5 /* NumberpadCell.h */ = {isa = PBXFileReference; fileEncoding = 4; lastKnownFileType = sourcecode.c.h; path = NumberpadCell.h; sourceTree = "<group>"; };
		073C5751192459EA0065FBA5 /* NumberpadCell.m */ = {isa = PBXFileReference; fileEncoding = 4; lastKnownFileType = sourcecode.c.objc; path = NumberpadCell.m; sourceTree = "<group>"; };
		073C5752192459EA0065FBA5 /* FocusView.h */ = {isa = PBXFileReference; fileEncoding = 4; lastKnownFileType = sourcecode.c.h; path = FocusView.h; sourceTree = "<group>"; };
		073C5753192459EA0065FBA5 /* FocusView.m */ = {isa = PBXFileReference; fileEncoding = 4; lastKnownFileType = sourcecode.c.objc; path = FocusView.m; sourceTree = "<group>"; };
		075B1A88199D132200C7CA2F /* MySHKSharers.plist */ = {isa = PBXFileReference; fileEncoding = 4; lastKnownFileType = text.plist.xml; path = MySHKSharers.plist; sourceTree = "<group>"; };
		075B1A8A199DAB2200C7CA2F /* Icon-76@2x.png */ = {isa = PBXFileReference; lastKnownFileType = image.png; path = "Icon-76@2x.png"; sourceTree = "<group>"; };
		075B1A8B199DAB2200C7CA2F /* Icon-76.png */ = {isa = PBXFileReference; lastKnownFileType = image.png; path = "Icon-76.png"; sourceTree = "<group>"; };
		075B1A8C199DAB2200C7CA2F /* Icon-60@2x.png */ = {isa = PBXFileReference; lastKnownFileType = image.png; path = "Icon-60@2x.png"; sourceTree = "<group>"; };
		075B1A8D199DAB2200C7CA2F /* Icon-60.png */ = {isa = PBXFileReference; lastKnownFileType = image.png; path = "Icon-60.png"; sourceTree = "<group>"; };
		075B1A92199DB19200C7CA2F /* iTunesArtwork@2x.png */ = {isa = PBXFileReference; lastKnownFileType = image.png; path = "iTunesArtwork@2x.png"; sourceTree = "<group>"; };
		075B1A93199DB19300C7CA2F /* iTunesArtwork.png */ = {isa = PBXFileReference; lastKnownFileType = image.png; path = iTunesArtwork.png; sourceTree = "<group>"; };
		076C8F1B196CDA3C00F99950 /* CustomButton.h */ = {isa = PBXFileReference; fileEncoding = 4; lastKnownFileType = sourcecode.c.h; path = CustomButton.h; sourceTree = "<group>"; };
		076C8F1C196CDA3C00F99950 /* CustomButton.m */ = {isa = PBXFileReference; fileEncoding = 4; lastKnownFileType = sourcecode.c.objc; path = CustomButton.m; sourceTree = "<group>"; };
		076C8F1E196E3D3900F99950 /* TitleLabel.h */ = {isa = PBXFileReference; fileEncoding = 4; lastKnownFileType = sourcecode.c.h; path = TitleLabel.h; sourceTree = "<group>"; };
		076C8F1F196E3D3900F99950 /* TitleLabel.m */ = {isa = PBXFileReference; fileEncoding = 4; lastKnownFileType = sourcecode.c.objc; path = TitleLabel.m; sourceTree = "<group>"; };
		076C8F21196F798F00F99950 /* HeartImage.jpg */ = {isa = PBXFileReference; lastKnownFileType = image.jpeg; name = HeartImage.jpg; path = Images.xcassets/HeartImage.jpg; sourceTree = "<group>"; };
		076C8F231979F92100F99950 /* TimerView.h */ = {isa = PBXFileReference; fileEncoding = 4; lastKnownFileType = sourcecode.c.h; path = TimerView.h; sourceTree = "<group>"; };
		076C8F241979F92100F99950 /* TimerView.m */ = {isa = PBXFileReference; fileEncoding = 4; lastKnownFileType = sourcecode.c.objc; path = TimerView.m; sourceTree = "<group>"; };
		076C8F2C1984361300F99950 /* PauseMenuAlertView.h */ = {isa = PBXFileReference; fileEncoding = 4; lastKnownFileType = sourcecode.c.h; path = PauseMenuAlertView.h; sourceTree = "<group>"; };
		076C8F2D1984361300F99950 /* PauseMenuAlertView.m */ = {isa = PBXFileReference; fileEncoding = 4; lastKnownFileType = sourcecode.c.objc; path = PauseMenuAlertView.m; sourceTree = "<group>"; };
		0780F65D1996EB1E00DBB560 /* PurchaseViewController.h */ = {isa = PBXFileReference; fileEncoding = 4; lastKnownFileType = sourcecode.c.h; path = PurchaseViewController.h; sourceTree = "<group>"; };
		0780F65E1996EB1E00DBB560 /* PurchaseViewController.m */ = {isa = PBXFileReference; fileEncoding = 4; lastKnownFileType = sourcecode.c.objc; path = PurchaseViewController.m; sourceTree = "<group>"; };
		07B568D5195257F60028EDAC /* DifficultyViewController.h */ = {isa = PBXFileReference; fileEncoding = 4; lastKnownFileType = sourcecode.c.h; path = DifficultyViewController.h; sourceTree = "<group>"; };
		07B568D6195257F60028EDAC /* DifficultyViewController.m */ = {isa = PBXFileReference; fileEncoding = 4; lastKnownFileType = sourcecode.c.objc; path = DifficultyViewController.m; sourceTree = "<group>"; };
		07B673E91989EEC400E99B77 /* Security.framework */ = {isa = PBXFileReference; lastKnownFileType = wrapper.framework; name = Security.framework; path = System/Library/Frameworks/Security.framework; sourceTree = SDKROOT; };
		07B673EB1989EED700E99B77 /* MessageUI.framework */ = {isa = PBXFileReference; lastKnownFileType = wrapper.framework; name = MessageUI.framework; path = System/Library/Frameworks/MessageUI.framework; sourceTree = SDKROOT; };
		07B673ED1989EEE700E99B77 /* SystemConfiguration.framework */ = {isa = PBXFileReference; lastKnownFileType = wrapper.framework; name = SystemConfiguration.framework; path = System/Library/Frameworks/SystemConfiguration.framework; sourceTree = SDKROOT; };
		07B674CC198B040300E99B77 /* ShareKit.xcodeproj */ = {isa = PBXFileReference; lastKnownFileType = "wrapper.pb-project"; name = ShareKit.xcodeproj; path = Submodules/ShareKit/ShareKit.xcodeproj; sourceTree = "<group>"; };
		07B67568198B08A000E99B77 /* MobileCoreServices.framework */ = {isa = PBXFileReference; lastKnownFileType = wrapper.framework; name = MobileCoreServices.framework; path = System/Library/Frameworks/MobileCoreServices.framework; sourceTree = SDKROOT; };
		07B6756A198B08AE00E99B77 /* CoreMedia.framework */ = {isa = PBXFileReference; lastKnownFileType = wrapper.framework; name = CoreMedia.framework; path = System/Library/Frameworks/CoreMedia.framework; sourceTree = SDKROOT; };
		07B6756C198B08B700E99B77 /* AVFoundation.framework */ = {isa = PBXFileReference; lastKnownFileType = wrapper.framework; name = AVFoundation.framework; path = System/Library/Frameworks/AVFoundation.framework; sourceTree = SDKROOT; };
		07B6756E198B08BF00E99B77 /* CFNetwork.framework */ = {isa = PBXFileReference; lastKnownFileType = wrapper.framework; name = CFNetwork.framework; path = System/Library/Frameworks/CFNetwork.framework; sourceTree = SDKROOT; };
		07B67570198B08C500E99B77 /* CoreLocation.framework */ = {isa = PBXFileReference; lastKnownFileType = wrapper.framework; name = CoreLocation.framework; path = System/Library/Frameworks/CoreLocation.framework; sourceTree = SDKROOT; };
		07B67572198B08CE00E99B77 /* AdSupport.framework */ = {isa = PBXFileReference; lastKnownFileType = wrapper.framework; name = AdSupport.framework; path = System/Library/Frameworks/AdSupport.framework; sourceTree = SDKROOT; };
		07B67574198B08FD00E99B77 /* Accounts.framework */ = {isa = PBXFileReference; lastKnownFileType = wrapper.framework; name = Accounts.framework; path = System/Library/Frameworks/Accounts.framework; sourceTree = SDKROOT; };
		07B67576198B091400E99B77 /* libsqlite3.dylib */ = {isa = PBXFileReference; lastKnownFileType = "compiled.mach-o.dylib"; name = libsqlite3.dylib; path = usr/lib/libsqlite3.dylib; sourceTree = SDKROOT; };
		07B67578198B093700E99B77 /* Social.framework */ = {isa = PBXFileReference; lastKnownFileType = wrapper.framework; name = Social.framework; path = System/Library/Frameworks/Social.framework; sourceTree = SDKROOT; };
		07B6757A198B095600E99B77 /* StoreKit.framework */ = {isa = PBXFileReference; lastKnownFileType = wrapper.framework; name = StoreKit.framework; path = System/Library/Frameworks/StoreKit.framework; sourceTree = SDKROOT; };
		07B6757C198B096C00E99B77 /* libxml2.dylib */ = {isa = PBXFileReference; lastKnownFileType = "compiled.mach-o.dylib"; name = libxml2.dylib; path = usr/lib/libxml2.dylib; sourceTree = SDKROOT; };
		07B6757E198B097800E99B77 /* QuartzCore.framework */ = {isa = PBXFileReference; lastKnownFileType = wrapper.framework; name = QuartzCore.framework; path = System/Library/Frameworks/QuartzCore.framework; sourceTree = SDKROOT; };
		07B67580198B098800E99B77 /* MediaPlayer.framework */ = {isa = PBXFileReference; lastKnownFileType = wrapper.framework; name = MediaPlayer.framework; path = System/Library/Frameworks/MediaPlayer.framework; sourceTree = SDKROOT; };
		07B67582198B099300E99B77 /* AssetsLibrary.framework */ = {isa = PBXFileReference; lastKnownFileType = wrapper.framework; name = AssetsLibrary.framework; path = System/Library/Frameworks/AssetsLibrary.framework; sourceTree = SDKROOT; };
		07B67584198B099C00E99B77 /* CoreText.framework */ = {isa = PBXFileReference; lastKnownFileType = wrapper.framework; name = CoreText.framework; path = System/Library/Frameworks/CoreText.framework; sourceTree = SDKROOT; };
		07B67586198B09A200E99B77 /* CoreMotion.framework */ = {isa = PBXFileReference; lastKnownFileType = wrapper.framework; name = CoreMotion.framework; path = System/Library/Frameworks/CoreMotion.framework; sourceTree = SDKROOT; };
		07B67588198B09B200E99B77 /* AddressBook.framework */ = {isa = PBXFileReference; lastKnownFileType = wrapper.framework; name = AddressBook.framework; path = System/Library/Frameworks/AddressBook.framework; sourceTree = SDKROOT; };
		07B6758A198B09BB00E99B77 /* ImageIO.framework */ = {isa = PBXFileReference; lastKnownFileType = wrapper.framework; name = ImageIO.framework; path = System/Library/Frameworks/ImageIO.framework; sourceTree = SDKROOT; };
		07B6758C198B09C400E99B77 /* SafariServices.framework */ = {isa = PBXFileReference; lastKnownFileType = wrapper.framework; name = SafariServices.framework; path = System/Library/Frameworks/SafariServices.framework; sourceTree = SDKROOT; };
		07B6758E198B0CFB00E99B77 /* DropboxSDK.framework */ = {isa = PBXFileReference; lastKnownFileType = wrapper.framework; name = DropboxSDK.framework; path = Submodules/ShareKit/Frameworks/DropboxSDK.framework; sourceTree = "<group>"; };
		07B6758F198B0CFB00E99B77 /* FacebookSDK.framework */ = {isa = PBXFileReference; lastKnownFileType = wrapper.framework; name = FacebookSDK.framework; path = Submodules/ShareKit/Frameworks/FacebookSDK.framework; sourceTree = "<group>"; };
		07B67590198B0CFB00E99B77 /* GoogleOpenSource.framework */ = {isa = PBXFileReference; lastKnownFileType = wrapper.framework; name = GoogleOpenSource.framework; path = Submodules/ShareKit/Frameworks/GoogleOpenSource.framework; sourceTree = "<group>"; };
		07B67591198B0CFB00E99B77 /* GooglePlus.bundle */ = {isa = PBXFileReference; lastKnownFileType = "wrapper.plug-in"; name = GooglePlus.bundle; path = Submodules/ShareKit/Frameworks/GooglePlus.bundle; sourceTree = "<group>"; };
		07B67592198B0CFB00E99B77 /* GooglePlus.framework */ = {isa = PBXFileReference; lastKnownFileType = wrapper.framework; name = GooglePlus.framework; path = Submodules/ShareKit/Frameworks/GooglePlus.framework; sourceTree = "<group>"; };
		07B67593198B0CFB00E99B77 /* LiveSDK.framework */ = {isa = PBXFileReference; lastKnownFileType = wrapper.framework; name = LiveSDK.framework; path = Submodules/ShareKit/Frameworks/LiveSDK.framework; sourceTree = "<group>"; };
		07B67595198B0CFB00E99B77 /* Pinterest.framework */ = {isa = PBXFileReference; lastKnownFileType = wrapper.framework; path = Pinterest.framework; sourceTree = "<group>"; };
		07B67597198B0CFB00E99B77 /* PinterestSDKResources.bundle */ = {isa = PBXFileReference; lastKnownFileType = "wrapper.plug-in"; path = PinterestSDKResources.bundle; sourceTree = "<group>"; };
		07B675A3198B0E3900E99B77 /* GTMOAuth2ViewTouch.xib */ = {isa = PBXFileReference; fileEncoding = 4; lastKnownFileType = file.xib; name = GTMOAuth2ViewTouch.xib; path = "Submodules/google-api-objectivec/Source/OAuth2/Touch/GTMOAuth2ViewTouch.xib"; sourceTree = "<group>"; };
		07B675A7198B106500E99B77 /* MySHKConfigurator.h */ = {isa = PBXFileReference; fileEncoding = 4; lastKnownFileType = sourcecode.c.h; path = MySHKConfigurator.h; sourceTree = "<group>"; };
		07B675A8198B106500E99B77 /* MySHKConfigurator.m */ = {isa = PBXFileReference; fileEncoding = 4; lastKnownFileType = sourcecode.c.objc; path = MySHKConfigurator.m; sourceTree = "<group>"; };
		07B7BF39199A630900D79413 /* Settings.bundle */ = {isa = PBXFileReference; lastKnownFileType = "wrapper.plug-in"; path = Settings.bundle; sourceTree = "<group>"; };
		07B7BF3C199A642600D79413 /* Perl.pl */ = {isa = PBXFileReference; lastKnownFileType = text.script.perl; path = Perl.pl; sourceTree = "<group>"; };
/* End PBXFileReference section */

/* Begin PBXFrameworksBuildPhase section */
		073C5706192459C30065FBA5 /* Frameworks */ = {
			isa = PBXFrameworksBuildPhase;
			buildActionMask = 2147483647;
			files = (
				07B6758D198B09C400E99B77 /* SafariServices.framework in Frameworks */,
				07B6758B198B09BB00E99B77 /* ImageIO.framework in Frameworks */,
				07B67589198B09B200E99B77 /* AddressBook.framework in Frameworks */,
				07B67598198B0CFB00E99B77 /* DropboxSDK.framework in Frameworks */,
				07B67587198B09A200E99B77 /* CoreMotion.framework in Frameworks */,
				07B67585198B099C00E99B77 /* CoreText.framework in Frameworks */,
				07B67583198B099300E99B77 /* AssetsLibrary.framework in Frameworks */,
				07B67581198B098800E99B77 /* MediaPlayer.framework in Frameworks */,
				07B6757F198B097800E99B77 /* QuartzCore.framework in Frameworks */,
				07B6757D198B096C00E99B77 /* libxml2.dylib in Frameworks */,
				07B6757B198B095600E99B77 /* StoreKit.framework in Frameworks */,
				07B67579198B093700E99B77 /* Social.framework in Frameworks */,
				07B67577198B091400E99B77 /* libsqlite3.dylib in Frameworks */,
				07B6759E198B0CFC00E99B77 /* Pinterest.framework in Frameworks */,
				07B67599198B0CFC00E99B77 /* FacebookSDK.framework in Frameworks */,
				07B67575198B08FD00E99B77 /* Accounts.framework in Frameworks */,
				07B67573198B08CE00E99B77 /* AdSupport.framework in Frameworks */,
				07B67571198B08C500E99B77 /* CoreLocation.framework in Frameworks */,
				07B6756F198B08BF00E99B77 /* CFNetwork.framework in Frameworks */,
				07B6756D198B08B700E99B77 /* AVFoundation.framework in Frameworks */,
				07B6756B198B08AE00E99B77 /* CoreMedia.framework in Frameworks */,
				07B67569198B08A000E99B77 /* MobileCoreServices.framework in Frameworks */,
				07B67566198B067700E99B77 /* libShareKit.a in Frameworks */,
				07B673EE1989EEE700E99B77 /* SystemConfiguration.framework in Frameworks */,
				07B673EC1989EED700E99B77 /* MessageUI.framework in Frameworks */,
				07B673EA1989EEC400E99B77 /* Security.framework in Frameworks */,
				07B6759C198B0CFC00E99B77 /* GooglePlus.framework in Frameworks */,
				07B6759D198B0CFC00E99B77 /* LiveSDK.framework in Frameworks */,
				07B6759A198B0CFC00E99B77 /* GoogleOpenSource.framework in Frameworks */,
				073C570F192459C30065FBA5 /* CoreGraphics.framework in Frameworks */,
				073C5711192459C30065FBA5 /* UIKit.framework in Frameworks */,
				073C570D192459C30065FBA5 /* Foundation.framework in Frameworks */,
			);
			runOnlyForDeploymentPostprocessing = 0;
		};
		073C572A192459C30065FBA5 /* Frameworks */ = {
			isa = PBXFrameworksBuildPhase;
			buildActionMask = 2147483647;
			files = (
				073C572F192459C30065FBA5 /* XCTest.framework in Frameworks */,
				073C5731192459C30065FBA5 /* UIKit.framework in Frameworks */,
				073C5730192459C30065FBA5 /* Foundation.framework in Frameworks */,
			);
			runOnlyForDeploymentPostprocessing = 0;
		};
/* End PBXFrameworksBuildPhase section */

/* Begin PBXGroup section */
		073C5700192459C30065FBA5 = {
			isa = PBXGroup;
			children = (
				075B1A92199DB19200C7CA2F /* iTunesArtwork@2x.png */,
				075B1A93199DB19300C7CA2F /* iTunesArtwork.png */,
				075B1A8A199DAB2200C7CA2F /* Icon-76@2x.png */,
				075B1A8B199DAB2200C7CA2F /* Icon-76.png */,
				075B1A8C199DAB2200C7CA2F /* Icon-60@2x.png */,
				075B1A8D199DAB2200C7CA2F /* Icon-60.png */,
				07B7BF37199A62D300D79413 /* Resources */,
				07B674CC198B040300E99B77 /* ShareKit.xcodeproj */,
				073C5712192459C30065FBA5 /* Retention3 */,
				073C5734192459C30065FBA5 /* Retention3Tests */,
				073C570B192459C30065FBA5 /* Frameworks */,
				073C570A192459C30065FBA5 /* Products */,
				07B675A5198B0E3900E99B77 /* Resources - ShareKit Library */,
			);
			sourceTree = "<group>";
		};
		073C570A192459C30065FBA5 /* Products */ = {
			isa = PBXGroup;
			children = (
				073C5709192459C30065FBA5 /* Retention3.app */,
				073C572D192459C30065FBA5 /* Retention3Tests.xctest */,
			);
			name = Products;
			sourceTree = "<group>";
		};
		073C570B192459C30065FBA5 /* Frameworks */ = {
			isa = PBXGroup;
			children = (
				07B6758E198B0CFB00E99B77 /* DropboxSDK.framework */,
				07B6758F198B0CFB00E99B77 /* FacebookSDK.framework */,
				07B67590198B0CFB00E99B77 /* GoogleOpenSource.framework */,
				07B67591198B0CFB00E99B77 /* GooglePlus.bundle */,
				07B67592198B0CFB00E99B77 /* GooglePlus.framework */,
				07B67593198B0CFB00E99B77 /* LiveSDK.framework */,
				07B67594198B0CFB00E99B77 /* Pinterest.embeddedframework */,
				07B6758C198B09C400E99B77 /* SafariServices.framework */,
				07B6758A198B09BB00E99B77 /* ImageIO.framework */,
				07B67588198B09B200E99B77 /* AddressBook.framework */,
				07B67586198B09A200E99B77 /* CoreMotion.framework */,
				07B67584198B099C00E99B77 /* CoreText.framework */,
				07B67582198B099300E99B77 /* AssetsLibrary.framework */,
				07B67580198B098800E99B77 /* MediaPlayer.framework */,
				07B6757E198B097800E99B77 /* QuartzCore.framework */,
				07B6757C198B096C00E99B77 /* libxml2.dylib */,
				07B6757A198B095600E99B77 /* StoreKit.framework */,
				07B67578198B093700E99B77 /* Social.framework */,
				07B67576198B091400E99B77 /* libsqlite3.dylib */,
				07B67574198B08FD00E99B77 /* Accounts.framework */,
				07B67572198B08CE00E99B77 /* AdSupport.framework */,
				07B67570198B08C500E99B77 /* CoreLocation.framework */,
				07B6756E198B08BF00E99B77 /* CFNetwork.framework */,
				07B6756C198B08B700E99B77 /* AVFoundation.framework */,
				07B6756A198B08AE00E99B77 /* CoreMedia.framework */,
				07B67568198B08A000E99B77 /* MobileCoreServices.framework */,
				07B673ED1989EEE700E99B77 /* SystemConfiguration.framework */,
				07B673EB1989EED700E99B77 /* MessageUI.framework */,
				07B673E91989EEC400E99B77 /* Security.framework */,
				073C570C192459C30065FBA5 /* Foundation.framework */,
				073C570E192459C30065FBA5 /* CoreGraphics.framework */,
				073C5710192459C30065FBA5 /* UIKit.framework */,
				073C572E192459C30065FBA5 /* XCTest.framework */,
			);
			name = Frameworks;
			sourceTree = "<group>";
		};
		073C5712192459C30065FBA5 /* Retention3 */ = {
			isa = PBXGroup;
			children = (
				075B1A88199D132200C7CA2F /* MySHKSharers.plist */,
				0731A547199BDD4200E4E289 /* Reachability.h */,
				0731A548199BDD4200E4E289 /* Reachability.m */,
				073C5744192459CA0065FBA5 /* Main_iPhone.storyboard */,
				0780F65D1996EB1E00DBB560 /* PurchaseViewController.h */,
				0780F65E1996EB1E00DBB560 /* PurchaseViewController.m */,
				07B675A7198B106500E99B77 /* MySHKConfigurator.h */,
				07B675A8198B106500E99B77 /* MySHKConfigurator.m */,
				076C8F2C1984361300F99950 /* PauseMenuAlertView.h */,
				076C8F2D1984361300F99950 /* PauseMenuAlertView.m */,
				076C8F1E196E3D3900F99950 /* TitleLabel.h */,
				076C8F1F196E3D3900F99950 /* TitleLabel.m */,
				076C8F1B196CDA3C00F99950 /* CustomButton.h */,
				076C8F1C196CDA3C00F99950 /* CustomButton.m */,
				073C574E192459EA0065FBA5 /* NumbersViewController.h */,
				073C574F192459EA0065FBA5 /* NumbersViewController.m */,
				076C8F231979F92100F99950 /* TimerView.h */,
				076C8F241979F92100F99950 /* TimerView.m */,
				073C5750192459EA0065FBA5 /* NumberpadCell.h */,
				073C5751192459EA0065FBA5 /* NumberpadCell.m */,
				073C5752192459EA0065FBA5 /* FocusView.h */,
				073C5753192459EA0065FBA5 /* FocusView.m */,
				073C5748192459DE0065FBA5 /* HighScoreViewController.h */,
				073C5749192459DE0065FBA5 /* HighScoreViewController.m */,
				073C574A192459DE0065FBA5 /* MainViewController.h */,
				073C574B192459DE0065FBA5 /* MainViewController.m */,
				07B568D5195257F60028EDAC /* DifficultyViewController.h */,
				07B568D6195257F60028EDAC /* DifficultyViewController.m */,
				073C571B192459C30065FBA5 /* AppDelegate.h */,
				073C571C192459C30065FBA5 /* AppDelegate.m */,
				073C5724192459C30065FBA5 /* ViewController.h */,
				073C5725192459C30065FBA5 /* ViewController.m */,
				073C5727192459C30065FBA5 /* Images.xcassets */,
				0731A54A199BE96D00E4E289 /* PadlockImage.jpg */,
				076C8F21196F798F00F99950 /* HeartImage.jpg */,
				073C5713192459C30065FBA5 /* Supporting Files */,
			);
			path = Retention3;
			sourceTree = "<group>";
		};
		073C5713192459C30065FBA5 /* Supporting Files */ = {
			isa = PBXGroup;
			children = (
				073C5714192459C30065FBA5 /* Retention3-Info.plist */,
				073C5715192459C30065FBA5 /* InfoPlist.strings */,
				073C5718192459C30065FBA5 /* main.m */,
				073C571A192459C30065FBA5 /* Retention3-Prefix.pch */,
			);
			name = "Supporting Files";
			sourceTree = "<group>";
		};
		073C5734192459C30065FBA5 /* Retention3Tests */ = {
			isa = PBXGroup;
			children = (
				073C573A192459C30065FBA5 /* Retention3Tests.m */,
				073C5735192459C30065FBA5 /* Supporting Files */,
			);
			path = Retention3Tests;
			sourceTree = "<group>";
		};
		073C5735192459C30065FBA5 /* Supporting Files */ = {
			isa = PBXGroup;
			children = (
				073C5736192459C30065FBA5 /* Retention3Tests-Info.plist */,
				073C5737192459C30065FBA5 /* InfoPlist.strings */,
			);
			name = "Supporting Files";
			sourceTree = "<group>";
		};
		07B674CD198B040300E99B77 /* Products */ = {
			isa = PBXGroup;
			children = (
				07B67501198B040400E99B77 /* libShareKit.a */,
				07B67503198B040400E99B77 /* ShareKit.bundle */,
				07B67505198B040400E99B77 /* libShareKitCore.a */,
				07B67507198B040400E99B77 /* libSSKeyChain.a */,
				07B67509198B040400E99B77 /* libOAuth.a */,
				07B6750B198B040400E99B77 /* libReachability.a */,
				07B6750D198B040400E99B77 /* libCopy.a */,
				07B6750F198B040400E99B77 /* libEmail.a */,
				07B67511198B040400E99B77 /* libLogout.a */,
				07B67513198B040400E99B77 /* libOpen in Safari.a */,
				07B67515198B040400E99B77 /* libPrint.a */,
				07B67517198B040400E99B77 /* libSave to Album.a */,
				07B67519198B040400E99B77 /* libText Message.a */,
				07B6751B198B040400E99B77 /* libDelicious.a */,
				07B6751D198B040400E99B77 /* libDiigo.a */,
				07B6751F198B040400E99B77 /* libEvernote.a */,
				07B67521198B040400E99B77 /* libEvernote SDK.a */,
				07B67523198B040400E99B77 /* libFacebook.a */,
				07B67525198B040400E99B77 /* libFoursquareV2.a */,
				07B67527198B040400E99B77 /* libFlickr.a */,
				07B67529198B040400E99B77 /* libGoogle Plus.a */,
				07B6752B198B040400E99B77 /* libInstagram.a */,
				07B6752D198B040400E99B77 /* libInstapaper.a */,
				07B6752F198B040400E99B77 /* libKippt.a */,
				07B67531198B040400E99B77 /* libLinkedIn.a */,
				07B67533198B040400E99B77 /* libPinboard.a */,
				07B67535198B040400E99B77 /* libBuffer.a */,
				07B67537198B040400E99B77 /* libSina Weibo.a */,
				07B67539198B040400E99B77 /* libTumblr.a */,
				07B6753B198B040400E99B77 /* libTwitter.a */,
				07B6753D198B040400E99B77 /* libVKontakte.a */,
				07B6753F198B040400E99B77 /* libSina Weibo.a */,
				07B67541198B040400E99B77 /* libReadability.a */,
				07B67543198B040400E99B77 /* libHatena.a */,
				07B67545198B040400E99B77 /* libPlurk.a */,
				07B67547198B040400E99B77 /* libDropbox.a */,
				07B67549198B040400E99B77 /* libYouTube.a */,
				07B6754B198B040400E99B77 /* libYouTube SDK.a */,
				07B6754D198B040400E99B77 /* libPocket.a */,
				07B6754F198B040400E99B77 /* libPocket SDK.a */,
				07B67551198B040400E99B77 /* Static Library Tests.xctest */,
				07B67553198B040400E99B77 /* libPKMultipartInputStream.a */,
				07B67555198B040400E99B77 /* libImgur.a */,
				07B67557198B040400E99B77 /* libOneNote.a */,
				07B67559198B040400E99B77 /* libPinterest.a */,
				07B6755B198B040400E99B77 /* libSDWebImage.a */,
				07B6755D198B040400E99B77 /* libOpen in Chrome.a */,
				07B6755F198B040400E99B77 /* libOpen in 1Password.a */,
				07B67561198B040400E99B77 /* libReadingList.a */,
			);
			name = Products;
			sourceTree = "<group>";
		};
		07B67594198B0CFB00E99B77 /* Pinterest.embeddedframework */ = {
			isa = PBXGroup;
			children = (
				07B67595198B0CFB00E99B77 /* Pinterest.framework */,
				07B67596198B0CFB00E99B77 /* Resources */,
			);
			name = Pinterest.embeddedframework;
			path = Submodules/ShareKit/Frameworks/Pinterest.embeddedframework;
			sourceTree = "<group>";
		};
		07B67596198B0CFB00E99B77 /* Resources */ = {
			isa = PBXGroup;
			children = (
				07B67597198B0CFB00E99B77 /* PinterestSDKResources.bundle */,
			);
			path = Resources;
			sourceTree = "<group>";
		};
		07B675A4198B0E3900E99B77 /* Google OAuth */ = {
			isa = PBXGroup;
			children = (
				07B675A3198B0E3900E99B77 /* GTMOAuth2ViewTouch.xib */,
			);
			name = "Google OAuth";
			sourceTree = "<group>";
		};
		07B675A5198B0E3900E99B77 /* Resources - ShareKit Library */ = {
			isa = PBXGroup;
			children = (
				07B675A4198B0E3900E99B77 /* Google OAuth */,
			);
			name = "Resources - ShareKit Library";
			path = Submodules/ShareKit;
			sourceTree = "<group>";
		};
		07B7BF37199A62D300D79413 /* Resources */ = {
			isa = PBXGroup;
			children = (
				07B7BF3B199A63E900D79413 /* Licenses */,
				07B7BF39199A630900D79413 /* Settings.bundle */,
			);
			name = Resources;
			path = Retention3/Resources;
			sourceTree = "<group>";
		};
		07B7BF3B199A63E900D79413 /* Licenses */ = {
			isa = PBXGroup;
			children = (
				07B7BF3C199A642600D79413 /* Perl.pl */,
				0731A536199A862A00E4E289 /* ShareKit.license */,
			);
			path = Licenses;
			sourceTree = "<group>";
		};
/* End PBXGroup section */

/* Begin PBXNativeTarget section */
		073C5708192459C30065FBA5 /* Retention3 */ = {
			isa = PBXNativeTarget;
			buildConfigurationList = 073C573E192459C30065FBA5 /* Build configuration list for PBXNativeTarget "Retention3" */;
			buildPhases = (
				073C5705192459C30065FBA5 /* Sources */,
				073C5706192459C30065FBA5 /* Frameworks */,
				073C5707192459C30065FBA5 /* Resources */,
			);
			buildRules = (
			);
			dependencies = (
				07B67565198B064E00E99B77 /* PBXTargetDependency */,
				07B67563198B064900E99B77 /* PBXTargetDependency */,
			);
			name = Retention3;
			productName = Retention3;
			productReference = 073C5709192459C30065FBA5 /* Retention3.app */;
			productType = "com.apple.product-type.application";
		};
		073C572C192459C30065FBA5 /* Retention3Tests */ = {
			isa = PBXNativeTarget;
			buildConfigurationList = 073C5741192459C30065FBA5 /* Build configuration list for PBXNativeTarget "Retention3Tests" */;
			buildPhases = (
				073C5729192459C30065FBA5 /* Sources */,
				073C572A192459C30065FBA5 /* Frameworks */,
				073C572B192459C30065FBA5 /* Resources */,
			);
			buildRules = (
			);
			dependencies = (
				073C5733192459C30065FBA5 /* PBXTargetDependency */,
			);
			name = Retention3Tests;
			productName = Retention3Tests;
			productReference = 073C572D192459C30065FBA5 /* Retention3Tests.xctest */;
			productType = "com.apple.product-type.bundle.unit-test";
		};
/* End PBXNativeTarget section */

/* Begin PBXProject section */
		073C5701192459C30065FBA5 /* Project object */ = {
			isa = PBXProject;
			attributes = {
				LastUpgradeCheck = 0510;
				ORGANIZATIONNAME = "Eric Pogash";
				TargetAttributes = {
					073C5708192459C30065FBA5 = {
						DevelopmentTeam = GGZVR7QXC4;
					};
					073C572C192459C30065FBA5 = {
						TestTargetID = 073C5708192459C30065FBA5;
					};
				};
			};
			buildConfigurationList = 073C5704192459C30065FBA5 /* Build configuration list for PBXProject "Retention3" */;
			compatibilityVersion = "Xcode 3.2";
			developmentRegion = English;
			hasScannedForEncodings = 0;
			knownRegions = (
				en,
				Base,
				de,
			);
			mainGroup = 073C5700192459C30065FBA5;
			productRefGroup = 073C570A192459C30065FBA5 /* Products */;
			projectDirPath = "";
			projectReferences = (
				{
					ProductGroup = 07B674CD198B040300E99B77 /* Products */;
					ProjectRef = 07B674CC198B040300E99B77 /* ShareKit.xcodeproj */;
				},
			);
			projectRoot = "";
			targets = (
				073C5708192459C30065FBA5 /* Retention3 */,
				073C572C192459C30065FBA5 /* Retention3Tests */,
			);
		};
/* End PBXProject section */

/* Begin PBXReferenceProxy section */
		07B67501198B040400E99B77 /* libShareKit.a */ = {
			isa = PBXReferenceProxy;
			fileType = archive.ar;
			path = libShareKit.a;
			remoteRef = 07B67500198B040400E99B77 /* PBXContainerItemProxy */;
			sourceTree = BUILT_PRODUCTS_DIR;
		};
		07B67503198B040400E99B77 /* ShareKit.bundle */ = {
			isa = PBXReferenceProxy;
			fileType = wrapper.cfbundle;
			path = ShareKit.bundle;
			remoteRef = 07B67502198B040400E99B77 /* PBXContainerItemProxy */;
			sourceTree = BUILT_PRODUCTS_DIR;
		};
		07B67505198B040400E99B77 /* libShareKitCore.a */ = {
			isa = PBXReferenceProxy;
			fileType = archive.ar;
			path = libShareKitCore.a;
			remoteRef = 07B67504198B040400E99B77 /* PBXContainerItemProxy */;
			sourceTree = BUILT_PRODUCTS_DIR;
		};
		07B67507198B040400E99B77 /* libSSKeyChain.a */ = {
			isa = PBXReferenceProxy;
			fileType = archive.ar;
			path = libSSKeyChain.a;
			remoteRef = 07B67506198B040400E99B77 /* PBXContainerItemProxy */;
			sourceTree = BUILT_PRODUCTS_DIR;
		};
		07B67509198B040400E99B77 /* libOAuth.a */ = {
			isa = PBXReferenceProxy;
			fileType = archive.ar;
			path = libOAuth.a;
			remoteRef = 07B67508198B040400E99B77 /* PBXContainerItemProxy */;
			sourceTree = BUILT_PRODUCTS_DIR;
		};
		07B6750B198B040400E99B77 /* libReachability.a */ = {
			isa = PBXReferenceProxy;
			fileType = archive.ar;
			path = libReachability.a;
			remoteRef = 07B6750A198B040400E99B77 /* PBXContainerItemProxy */;
			sourceTree = BUILT_PRODUCTS_DIR;
		};
		07B6750D198B040400E99B77 /* libCopy.a */ = {
			isa = PBXReferenceProxy;
			fileType = archive.ar;
			path = libCopy.a;
			remoteRef = 07B6750C198B040400E99B77 /* PBXContainerItemProxy */;
			sourceTree = BUILT_PRODUCTS_DIR;
		};
		07B6750F198B040400E99B77 /* libEmail.a */ = {
			isa = PBXReferenceProxy;
			fileType = archive.ar;
			path = libEmail.a;
			remoteRef = 07B6750E198B040400E99B77 /* PBXContainerItemProxy */;
			sourceTree = BUILT_PRODUCTS_DIR;
		};
		07B67511198B040400E99B77 /* libLogout.a */ = {
			isa = PBXReferenceProxy;
			fileType = archive.ar;
			path = libLogout.a;
			remoteRef = 07B67510198B040400E99B77 /* PBXContainerItemProxy */;
			sourceTree = BUILT_PRODUCTS_DIR;
		};
		07B67513198B040400E99B77 /* libOpen in Safari.a */ = {
			isa = PBXReferenceProxy;
			fileType = archive.ar;
			path = "libOpen in Safari.a";
			remoteRef = 07B67512198B040400E99B77 /* PBXContainerItemProxy */;
			sourceTree = BUILT_PRODUCTS_DIR;
		};
		07B67515198B040400E99B77 /* libPrint.a */ = {
			isa = PBXReferenceProxy;
			fileType = archive.ar;
			path = libPrint.a;
			remoteRef = 07B67514198B040400E99B77 /* PBXContainerItemProxy */;
			sourceTree = BUILT_PRODUCTS_DIR;
		};
		07B67517198B040400E99B77 /* libSave to Album.a */ = {
			isa = PBXReferenceProxy;
			fileType = archive.ar;
			path = "libSave to Album.a";
			remoteRef = 07B67516198B040400E99B77 /* PBXContainerItemProxy */;
			sourceTree = BUILT_PRODUCTS_DIR;
		};
		07B67519198B040400E99B77 /* libText Message.a */ = {
			isa = PBXReferenceProxy;
			fileType = archive.ar;
			path = "libText Message.a";
			remoteRef = 07B67518198B040400E99B77 /* PBXContainerItemProxy */;
			sourceTree = BUILT_PRODUCTS_DIR;
		};
		07B6751B198B040400E99B77 /* libDelicious.a */ = {
			isa = PBXReferenceProxy;
			fileType = archive.ar;
			path = libDelicious.a;
			remoteRef = 07B6751A198B040400E99B77 /* PBXContainerItemProxy */;
			sourceTree = BUILT_PRODUCTS_DIR;
		};
		07B6751D198B040400E99B77 /* libDiigo.a */ = {
			isa = PBXReferenceProxy;
			fileType = archive.ar;
			path = libDiigo.a;
			remoteRef = 07B6751C198B040400E99B77 /* PBXContainerItemProxy */;
			sourceTree = BUILT_PRODUCTS_DIR;
		};
		07B6751F198B040400E99B77 /* libEvernote.a */ = {
			isa = PBXReferenceProxy;
			fileType = archive.ar;
			path = libEvernote.a;
			remoteRef = 07B6751E198B040400E99B77 /* PBXContainerItemProxy */;
			sourceTree = BUILT_PRODUCTS_DIR;
		};
		07B67521198B040400E99B77 /* libEvernote SDK.a */ = {
			isa = PBXReferenceProxy;
			fileType = archive.ar;
			path = "libEvernote SDK.a";
			remoteRef = 07B67520198B040400E99B77 /* PBXContainerItemProxy */;
			sourceTree = BUILT_PRODUCTS_DIR;
		};
		07B67523198B040400E99B77 /* libFacebook.a */ = {
			isa = PBXReferenceProxy;
			fileType = archive.ar;
			path = libFacebook.a;
			remoteRef = 07B67522198B040400E99B77 /* PBXContainerItemProxy */;
			sourceTree = BUILT_PRODUCTS_DIR;
		};
		07B67525198B040400E99B77 /* libFoursquareV2.a */ = {
			isa = PBXReferenceProxy;
			fileType = archive.ar;
			path = libFoursquareV2.a;
			remoteRef = 07B67524198B040400E99B77 /* PBXContainerItemProxy */;
			sourceTree = BUILT_PRODUCTS_DIR;
		};
		07B67527198B040400E99B77 /* libFlickr.a */ = {
			isa = PBXReferenceProxy;
			fileType = archive.ar;
			path = libFlickr.a;
			remoteRef = 07B67526198B040400E99B77 /* PBXContainerItemProxy */;
			sourceTree = BUILT_PRODUCTS_DIR;
		};
		07B67529198B040400E99B77 /* libGoogle Plus.a */ = {
			isa = PBXReferenceProxy;
			fileType = archive.ar;
			path = "libGoogle Plus.a";
			remoteRef = 07B67528198B040400E99B77 /* PBXContainerItemProxy */;
			sourceTree = BUILT_PRODUCTS_DIR;
		};
		07B6752B198B040400E99B77 /* libInstagram.a */ = {
			isa = PBXReferenceProxy;
			fileType = archive.ar;
			path = libInstagram.a;
			remoteRef = 07B6752A198B040400E99B77 /* PBXContainerItemProxy */;
			sourceTree = BUILT_PRODUCTS_DIR;
		};
		07B6752D198B040400E99B77 /* libInstapaper.a */ = {
			isa = PBXReferenceProxy;
			fileType = archive.ar;
			path = libInstapaper.a;
			remoteRef = 07B6752C198B040400E99B77 /* PBXContainerItemProxy */;
			sourceTree = BUILT_PRODUCTS_DIR;
		};
		07B6752F198B040400E99B77 /* libKippt.a */ = {
			isa = PBXReferenceProxy;
			fileType = archive.ar;
			path = libKippt.a;
			remoteRef = 07B6752E198B040400E99B77 /* PBXContainerItemProxy */;
			sourceTree = BUILT_PRODUCTS_DIR;
		};
		07B67531198B040400E99B77 /* libLinkedIn.a */ = {
			isa = PBXReferenceProxy;
			fileType = archive.ar;
			path = libLinkedIn.a;
			remoteRef = 07B67530198B040400E99B77 /* PBXContainerItemProxy */;
			sourceTree = BUILT_PRODUCTS_DIR;
		};
		07B67533198B040400E99B77 /* libPinboard.a */ = {
			isa = PBXReferenceProxy;
			fileType = archive.ar;
			path = libPinboard.a;
			remoteRef = 07B67532198B040400E99B77 /* PBXContainerItemProxy */;
			sourceTree = BUILT_PRODUCTS_DIR;
		};
		07B67535198B040400E99B77 /* libBuffer.a */ = {
			isa = PBXReferenceProxy;
			fileType = archive.ar;
			path = libBuffer.a;
			remoteRef = 07B67534198B040400E99B77 /* PBXContainerItemProxy */;
			sourceTree = BUILT_PRODUCTS_DIR;
		};
		07B67537198B040400E99B77 /* libSina Weibo.a */ = {
			isa = PBXReferenceProxy;
			fileType = archive.ar;
			path = "libSina Weibo.a";
			remoteRef = 07B67536198B040400E99B77 /* PBXContainerItemProxy */;
			sourceTree = BUILT_PRODUCTS_DIR;
		};
		07B67539198B040400E99B77 /* libTumblr.a */ = {
			isa = PBXReferenceProxy;
			fileType = archive.ar;
			path = libTumblr.a;
			remoteRef = 07B67538198B040400E99B77 /* PBXContainerItemProxy */;
			sourceTree = BUILT_PRODUCTS_DIR;
		};
		07B6753B198B040400E99B77 /* libTwitter.a */ = {
			isa = PBXReferenceProxy;
			fileType = archive.ar;
			path = libTwitter.a;
			remoteRef = 07B6753A198B040400E99B77 /* PBXContainerItemProxy */;
			sourceTree = BUILT_PRODUCTS_DIR;
		};
		07B6753D198B040400E99B77 /* libVKontakte.a */ = {
			isa = PBXReferenceProxy;
			fileType = archive.ar;
			path = libVKontakte.a;
			remoteRef = 07B6753C198B040400E99B77 /* PBXContainerItemProxy */;
			sourceTree = BUILT_PRODUCTS_DIR;
		};
		07B6753F198B040400E99B77 /* libSina Weibo.a */ = {
			isa = PBXReferenceProxy;
			fileType = archive.ar;
			path = "libSina Weibo.a";
			remoteRef = 07B6753E198B040400E99B77 /* PBXContainerItemProxy */;
			sourceTree = BUILT_PRODUCTS_DIR;
		};
		07B67541198B040400E99B77 /* libReadability.a */ = {
			isa = PBXReferenceProxy;
			fileType = archive.ar;
			path = libReadability.a;
			remoteRef = 07B67540198B040400E99B77 /* PBXContainerItemProxy */;
			sourceTree = BUILT_PRODUCTS_DIR;
		};
		07B67543198B040400E99B77 /* libHatena.a */ = {
			isa = PBXReferenceProxy;
			fileType = archive.ar;
			path = libHatena.a;
			remoteRef = 07B67542198B040400E99B77 /* PBXContainerItemProxy */;
			sourceTree = BUILT_PRODUCTS_DIR;
		};
		07B67545198B040400E99B77 /* libPlurk.a */ = {
			isa = PBXReferenceProxy;
			fileType = archive.ar;
			path = libPlurk.a;
			remoteRef = 07B67544198B040400E99B77 /* PBXContainerItemProxy */;
			sourceTree = BUILT_PRODUCTS_DIR;
		};
		07B67547198B040400E99B77 /* libDropbox.a */ = {
			isa = PBXReferenceProxy;
			fileType = archive.ar;
			path = libDropbox.a;
			remoteRef = 07B67546198B040400E99B77 /* PBXContainerItemProxy */;
			sourceTree = BUILT_PRODUCTS_DIR;
		};
		07B67549198B040400E99B77 /* libYouTube.a */ = {
			isa = PBXReferenceProxy;
			fileType = archive.ar;
			path = libYouTube.a;
			remoteRef = 07B67548198B040400E99B77 /* PBXContainerItemProxy */;
			sourceTree = BUILT_PRODUCTS_DIR;
		};
		07B6754B198B040400E99B77 /* libYouTube SDK.a */ = {
			isa = PBXReferenceProxy;
			fileType = archive.ar;
			path = "libYouTube SDK.a";
			remoteRef = 07B6754A198B040400E99B77 /* PBXContainerItemProxy */;
			sourceTree = BUILT_PRODUCTS_DIR;
		};
		07B6754D198B040400E99B77 /* libPocket.a */ = {
			isa = PBXReferenceProxy;
			fileType = archive.ar;
			path = libPocket.a;
			remoteRef = 07B6754C198B040400E99B77 /* PBXContainerItemProxy */;
			sourceTree = BUILT_PRODUCTS_DIR;
		};
		07B6754F198B040400E99B77 /* libPocket SDK.a */ = {
			isa = PBXReferenceProxy;
			fileType = archive.ar;
			path = "libPocket SDK.a";
			remoteRef = 07B6754E198B040400E99B77 /* PBXContainerItemProxy */;
			sourceTree = BUILT_PRODUCTS_DIR;
		};
		07B67551198B040400E99B77 /* Static Library Tests.xctest */ = {
			isa = PBXReferenceProxy;
			fileType = wrapper.cfbundle;
			path = "Static Library Tests.xctest";
			remoteRef = 07B67550198B040400E99B77 /* PBXContainerItemProxy */;
			sourceTree = BUILT_PRODUCTS_DIR;
		};
		07B67553198B040400E99B77 /* libPKMultipartInputStream.a */ = {
			isa = PBXReferenceProxy;
			fileType = archive.ar;
			path = libPKMultipartInputStream.a;
			remoteRef = 07B67552198B040400E99B77 /* PBXContainerItemProxy */;
			sourceTree = BUILT_PRODUCTS_DIR;
		};
		07B67555198B040400E99B77 /* libImgur.a */ = {
			isa = PBXReferenceProxy;
			fileType = archive.ar;
			path = libImgur.a;
			remoteRef = 07B67554198B040400E99B77 /* PBXContainerItemProxy */;
			sourceTree = BUILT_PRODUCTS_DIR;
		};
		07B67557198B040400E99B77 /* libOneNote.a */ = {
			isa = PBXReferenceProxy;
			fileType = archive.ar;
			path = libOneNote.a;
			remoteRef = 07B67556198B040400E99B77 /* PBXContainerItemProxy */;
			sourceTree = BUILT_PRODUCTS_DIR;
		};
		07B67559198B040400E99B77 /* libPinterest.a */ = {
			isa = PBXReferenceProxy;
			fileType = archive.ar;
			path = libPinterest.a;
			remoteRef = 07B67558198B040400E99B77 /* PBXContainerItemProxy */;
			sourceTree = BUILT_PRODUCTS_DIR;
		};
		07B6755B198B040400E99B77 /* libSDWebImage.a */ = {
			isa = PBXReferenceProxy;
			fileType = archive.ar;
			path = libSDWebImage.a;
			remoteRef = 07B6755A198B040400E99B77 /* PBXContainerItemProxy */;
			sourceTree = BUILT_PRODUCTS_DIR;
		};
		07B6755D198B040400E99B77 /* libOpen in Chrome.a */ = {
			isa = PBXReferenceProxy;
			fileType = archive.ar;
			path = "libOpen in Chrome.a";
			remoteRef = 07B6755C198B040400E99B77 /* PBXContainerItemProxy */;
			sourceTree = BUILT_PRODUCTS_DIR;
		};
		07B6755F198B040400E99B77 /* libOpen in 1Password.a */ = {
			isa = PBXReferenceProxy;
			fileType = archive.ar;
			path = "libOpen in 1Password.a";
			remoteRef = 07B6755E198B040400E99B77 /* PBXContainerItemProxy */;
			sourceTree = BUILT_PRODUCTS_DIR;
		};
		07B67561198B040400E99B77 /* libReadingList.a */ = {
			isa = PBXReferenceProxy;
			fileType = archive.ar;
			path = libReadingList.a;
			remoteRef = 07B67560198B040400E99B77 /* PBXContainerItemProxy */;
			sourceTree = BUILT_PRODUCTS_DIR;
		};
/* End PBXReferenceProxy section */

/* Begin PBXResourcesBuildPhase section */
		073C5707192459C30065FBA5 /* Resources */ = {
			isa = PBXResourcesBuildPhase;
			buildActionMask = 2147483647;
			files = (
				07B675A6198B0E3900E99B77 /* GTMOAuth2ViewTouch.xib in Resources */,
				07B67567198B06C000E99B77 /* ShareKit.bundle in Resources */,
				07B7BF3A199A630900D79413 /* Settings.bundle in Resources */,
				075B1A8F199DAB2200C7CA2F /* Icon-76.png in Resources */,
				075B1A94199DB19300C7CA2F /* iTunesArtwork@2x.png in Resources */,
				075B1A8E199DAB2200C7CA2F /* Icon-76@2x.png in Resources */,
				075B1A95199DB19300C7CA2F /* iTunesArtwork.png in Resources */,
				073C5728192459C30065FBA5 /* Images.xcassets in Resources */,
				073C5746192459CA0065FBA5 /* Main_iPhone.storyboard in Resources */,
				0731A54B199BE96D00E4E289 /* PadlockImage.jpg in Resources */,
				075B1A89199D132200C7CA2F /* MySHKSharers.plist in Resources */,
				076C8F22196F798F00F99950 /* HeartImage.jpg in Resources */,
				075B1A91199DAB2200C7CA2F /* Icon-60.png in Resources */,
				07B6759B198B0CFC00E99B77 /* GooglePlus.bundle in Resources */,
				075B1A90199DAB2200C7CA2F /* Icon-60@2x.png in Resources */,
				0731A537199A862A00E4E289 /* ShareKit.license in Resources */,
				073C5717192459C30065FBA5 /* InfoPlist.strings in Resources */,
				07B6759F198B0CFD00E99B77 /* PinterestSDKResources.bundle in Resources */,
			);
			runOnlyForDeploymentPostprocessing = 0;
		};
		073C572B192459C30065FBA5 /* Resources */ = {
			isa = PBXResourcesBuildPhase;
			buildActionMask = 2147483647;
			files = (
				073C5739192459C30065FBA5 /* InfoPlist.strings in Resources */,
			);
			runOnlyForDeploymentPostprocessing = 0;
		};
/* End PBXResourcesBuildPhase section */

/* Begin PBXSourcesBuildPhase section */
		073C5705192459C30065FBA5 /* Sources */ = {
			isa = PBXSourcesBuildPhase;
			buildActionMask = 2147483647;
			files = (
				073C5726192459C30065FBA5 /* ViewController.m in Sources */,
				07B675A9198B106500E99B77 /* MySHKConfigurator.m in Sources */,
				073C5756192459EA0065FBA5 /* FocusView.m in Sources */,
				073C571D192459C30065FBA5 /* AppDelegate.m in Sources */,
				073C5755192459EA0065FBA5 /* NumberpadCell.m in Sources */,
				073C5719192459C30065FBA5 /* main.m in Sources */,
				076C8F20196E3D3900F99950 /* TitleLabel.m in Sources */,
				076C8F2E1984361300F99950 /* PauseMenuAlertView.m in Sources */,
				076C8F251979F92100F99950 /* TimerView.m in Sources */,
				073C574D192459DE0065FBA5 /* MainViewController.m in Sources */,
				0731A549199BDD4200E4E289 /* Reachability.m in Sources */,
				076C8F1D196CDA3C00F99950 /* CustomButton.m in Sources */,
				073C574C192459DE0065FBA5 /* HighScoreViewController.m in Sources */,
				0780F65F1996EB1E00DBB560 /* PurchaseViewController.m in Sources */,
				073C5754192459EA0065FBA5 /* NumbersViewController.m in Sources */,
				07B568D7195257F60028EDAC /* DifficultyViewController.m in Sources */,
			);
			runOnlyForDeploymentPostprocessing = 0;
		};
		073C5729192459C30065FBA5 /* Sources */ = {
			isa = PBXSourcesBuildPhase;
			buildActionMask = 2147483647;
			files = (
				073C573B192459C30065FBA5 /* Retention3Tests.m in Sources */,
			);
			runOnlyForDeploymentPostprocessing = 0;
		};
/* End PBXSourcesBuildPhase section */

/* Begin PBXTargetDependency section */
		073C5733192459C30065FBA5 /* PBXTargetDependency */ = {
			isa = PBXTargetDependency;
			target = 073C5708192459C30065FBA5 /* Retention3 */;
			targetProxy = 073C5732192459C30065FBA5 /* PBXContainerItemProxy */;
		};
		07B67563198B064900E99B77 /* PBXTargetDependency */ = {
			isa = PBXTargetDependency;
			name = "Static Library";
			targetProxy = 07B67562198B064900E99B77 /* PBXContainerItemProxy */;
		};
		07B67565198B064E00E99B77 /* PBXTargetDependency */ = {
			isa = PBXTargetDependency;
			name = "Resource Bundle";
			targetProxy = 07B67564198B064E00E99B77 /* PBXContainerItemProxy */;
		};
/* End PBXTargetDependency section */

/* Begin PBXVariantGroup section */
		073C5715192459C30065FBA5 /* InfoPlist.strings */ = {
			isa = PBXVariantGroup;
			children = (
				073C5716192459C30065FBA5 /* en */,
			);
			name = InfoPlist.strings;
			sourceTree = "<group>";
		};
		073C5737192459C30065FBA5 /* InfoPlist.strings */ = {
			isa = PBXVariantGroup;
			children = (
				073C5738192459C30065FBA5 /* en */,
			);
			name = InfoPlist.strings;
			sourceTree = "<group>";
		};
/* End PBXVariantGroup section */

/* Begin XCBuildConfiguration section */
		073C573C192459C30065FBA5 /* Debug */ = {
			isa = XCBuildConfiguration;
			buildSettings = {
				ALWAYS_SEARCH_USER_PATHS = NO;
				CLANG_CXX_LANGUAGE_STANDARD = "gnu++0x";
				CLANG_CXX_LIBRARY = "libc++";
				CLANG_ENABLE_MODULES = YES;
				CLANG_ENABLE_OBJC_ARC = YES;
				CLANG_WARN_BOOL_CONVERSION = YES;
				CLANG_WARN_CONSTANT_CONVERSION = YES;
				CLANG_WARN_DIRECT_OBJC_ISA_USAGE = YES_ERROR;
				CLANG_WARN_EMPTY_BODY = YES;
				CLANG_WARN_ENUM_CONVERSION = YES;
				CLANG_WARN_INT_CONVERSION = YES;
				CLANG_WARN_OBJC_ROOT_CLASS = YES_ERROR;
				CLANG_WARN__DUPLICATE_METHOD_MATCH = YES;
				"CODE_SIGN_IDENTITY[sdk=iphoneos*]" = "iPhone Developer";
				COPY_PHASE_STRIP = NO;
				GCC_C_LANGUAGE_STANDARD = gnu99;
				GCC_DYNAMIC_NO_PIC = NO;
				GCC_OPTIMIZATION_LEVEL = 0;
				GCC_PREPROCESSOR_DEFINITIONS = (
					"DEBUG=1",
					"$(inherited)",
				);
				GCC_SYMBOLS_PRIVATE_EXTERN = NO;
				GCC_WARN_64_TO_32_BIT_CONVERSION = YES;
				GCC_WARN_ABOUT_RETURN_TYPE = YES_ERROR;
				GCC_WARN_UNDECLARED_SELECTOR = YES;
				GCC_WARN_UNINITIALIZED_AUTOS = YES_AGGRESSIVE;
				GCC_WARN_UNUSED_FUNCTION = YES;
				GCC_WARN_UNUSED_VARIABLE = YES;
				IPHONEOS_DEPLOYMENT_TARGET = 7.1;
				ONLY_ACTIVE_ARCH = YES;
				SDKROOT = iphoneos;
				TARGETED_DEVICE_FAMILY = "1,2";
			};
			name = Debug;
		};
		073C573D192459C30065FBA5 /* Release */ = {
			isa = XCBuildConfiguration;
			buildSettings = {
				ALWAYS_SEARCH_USER_PATHS = NO;
				CLANG_CXX_LANGUAGE_STANDARD = "gnu++0x";
				CLANG_CXX_LIBRARY = "libc++";
				CLANG_ENABLE_MODULES = YES;
				CLANG_ENABLE_OBJC_ARC = YES;
				CLANG_WARN_BOOL_CONVERSION = YES;
				CLANG_WARN_CONSTANT_CONVERSION = YES;
				CLANG_WARN_DIRECT_OBJC_ISA_USAGE = YES_ERROR;
				CLANG_WARN_EMPTY_BODY = YES;
				CLANG_WARN_ENUM_CONVERSION = YES;
				CLANG_WARN_INT_CONVERSION = YES;
				CLANG_WARN_OBJC_ROOT_CLASS = YES_ERROR;
				CLANG_WARN__DUPLICATE_METHOD_MATCH = YES;
				"CODE_SIGN_IDENTITY[sdk=iphoneos*]" = "iPhone Developer";
				COPY_PHASE_STRIP = YES;
				ENABLE_NS_ASSERTIONS = NO;
				GCC_C_LANGUAGE_STANDARD = gnu99;
				GCC_WARN_64_TO_32_BIT_CONVERSION = YES;
				GCC_WARN_ABOUT_RETURN_TYPE = YES_ERROR;
				GCC_WARN_UNDECLARED_SELECTOR = YES;
				GCC_WARN_UNINITIALIZED_AUTOS = YES_AGGRESSIVE;
				GCC_WARN_UNUSED_FUNCTION = YES;
				GCC_WARN_UNUSED_VARIABLE = YES;
				IPHONEOS_DEPLOYMENT_TARGET = 7.1;
				SDKROOT = iphoneos;
				TARGETED_DEVICE_FAMILY = "1,2";
				VALIDATE_PRODUCT = YES;
			};
			name = Release;
		};
		073C573F192459C30065FBA5 /* Debug */ = {
			isa = XCBuildConfiguration;
			buildSettings = {
				ASSETCATALOG_COMPILER_APPICON_NAME = AppIcon;
				ASSETCATALOG_COMPILER_LAUNCHIMAGE_NAME = "LaunchImage-1";
				CODE_SIGN_IDENTITY = "iPhone Developer";
				"CODE_SIGN_IDENTITY[sdk=iphoneos*]" = "iPhone Developer";
				FRAMEWORK_SEARCH_PATHS = (
					"$(inherited)",
					"$(PROJECT_DIR)/Submodules/ShareKit/Frameworks",
					"$(PROJECT_DIR)/Submodules/ShareKit/Frameworks/Pinterest.embeddedframework",
				);
				GCC_PRECOMPILE_PREFIX_HEADER = YES;
				GCC_PREFIX_HEADER = "Retention3/Retention3-Prefix.pch";
				INFOPLIST_FILE = "Retention3/Retention3-Info.plist";
				IPHONEOS_DEPLOYMENT_TARGET = 7.0;
				LIBRARY_SEARCH_PATHS = (
					"$(inherited)",
					"$(PROJECT_DIR)/PayPalMobile",
				);
				OTHER_LDFLAGS = (
					"-ObjC",
					"-all_load",
					"-lc++",
				);
				PRODUCT_NAME = "$(TARGET_NAME)";
				PROVISIONING_PROFILE = "";
				TARGETED_DEVICE_FAMILY = 1;
				USER_HEADER_SEARCH_PATHS = "Submodules/**";
				WRAPPER_EXTENSION = app;
			};
			name = Debug;
		};
		073C5740192459C30065FBA5 /* Release */ = {
			isa = XCBuildConfiguration;
			buildSettings = {
				ASSETCATALOG_COMPILER_APPICON_NAME = AppIcon;
				ASSETCATALOG_COMPILER_LAUNCHIMAGE_NAME = "LaunchImage-1";
				CODE_SIGN_IDENTITY = "iPhone Developer";
				"CODE_SIGN_IDENTITY[sdk=iphoneos*]" = "iPhone Developer";
				FRAMEWORK_SEARCH_PATHS = (
					"$(inherited)",
					"$(PROJECT_DIR)/Submodules/ShareKit/Frameworks",
					"$(PROJECT_DIR)/Submodules/ShareKit/Frameworks/Pinterest.embeddedframework",
				);
				GCC_PRECOMPILE_PREFIX_HEADER = YES;
				GCC_PREFIX_HEADER = "Retention3/Retention3-Prefix.pch";
				INFOPLIST_FILE = "Retention3/Retention3-Info.plist";
				IPHONEOS_DEPLOYMENT_TARGET = 7.0;
				LIBRARY_SEARCH_PATHS = (
					"$(inherited)",
					"$(PROJECT_DIR)/PayPalMobile",
				);
				OTHER_LDFLAGS = (
					"-ObjC",
					"-all_load",
					"-lc++",
				);
				PRODUCT_NAME = "$(TARGET_NAME)";
				PROVISIONING_PROFILE = "";
				TARGETED_DEVICE_FAMILY = 1;
				USER_HEADER_SEARCH_PATHS = "Submodules/**";
				WRAPPER_EXTENSION = app;
			};
			name = Release;
		};
		073C5742192459C30065FBA5 /* Debug */ = {
			isa = XCBuildConfiguration;
			buildSettings = {
				BUNDLE_LOADER = "$(BUILT_PRODUCTS_DIR)/Retention3.app/Retention3";
				FRAMEWORK_SEARCH_PATHS = (
					"$(SDKROOT)/Developer/Library/Frameworks",
					"$(inherited)",
					"$(DEVELOPER_FRAMEWORKS_DIR)",
				);
				GCC_PRECOMPILE_PREFIX_HEADER = YES;
				GCC_PREFIX_HEADER = "Retention3/Retention3-Prefix.pch";
				GCC_PREPROCESSOR_DEFINITIONS = (
					"DEBUG=1",
					"$(inherited)",
				);
				INFOPLIST_FILE = "Retention3Tests/Retention3Tests-Info.plist";
				PRODUCT_NAME = "$(TARGET_NAME)";
				TEST_HOST = "$(BUNDLE_LOADER)";
				WRAPPER_EXTENSION = xctest;
			};
			name = Debug;
		};
		073C5743192459C30065FBA5 /* Release */ = {
			isa = XCBuildConfiguration;
			buildSettings = {
				BUNDLE_LOADER = "$(BUILT_PRODUCTS_DIR)/Retention3.app/Retention3";
				FRAMEWORK_SEARCH_PATHS = (
					"$(SDKROOT)/Developer/Library/Frameworks",
					"$(inherited)",
					"$(DEVELOPER_FRAMEWORKS_DIR)",
				);
				GCC_PRECOMPILE_PREFIX_HEADER = YES;
				GCC_PREFIX_HEADER = "Retention3/Retention3-Prefix.pch";
				INFOPLIST_FILE = "Retention3Tests/Retention3Tests-Info.plist";
				PRODUCT_NAME = "$(TARGET_NAME)";
				TEST_HOST = "$(BUNDLE_LOADER)";
				WRAPPER_EXTENSION = xctest;
			};
			name = Release;
		};
/* End XCBuildConfiguration section */

/* Begin XCConfigurationList section */
		073C5704192459C30065FBA5 /* Build configuration list for PBXProject "Retention3" */ = {
			isa = XCConfigurationList;
			buildConfigurations = (
				073C573C192459C30065FBA5 /* Debug */,
				073C573D192459C30065FBA5 /* Release */,
			);
			defaultConfigurationIsVisible = 0;
			defaultConfigurationName = Release;
		};
		073C573E192459C30065FBA5 /* Build configuration list for PBXNativeTarget "Retention3" */ = {
			isa = XCConfigurationList;
			buildConfigurations = (
				073C573F192459C30065FBA5 /* Debug */,
				073C5740192459C30065FBA5 /* Release */,
			);
			defaultConfigurationIsVisible = 0;
			defaultConfigurationName = Release;
		};
		073C5741192459C30065FBA5 /* Build configuration list for PBXNativeTarget "Retention3Tests" */ = {
			isa = XCConfigurationList;
			buildConfigurations = (
				073C5742192459C30065FBA5 /* Debug */,
				073C5743192459C30065FBA5 /* Release */,
			);
			defaultConfigurationIsVisible = 0;
			defaultConfigurationName = Release;
		};
/* End XCConfigurationList section */
	};
	rootObject = 073C5701192459C30065FBA5 /* Project object */;
}
